// !$*UTF8*$!
{
	archiveVersion = 1;
	classes = {
	};
	objectVersion = 46;
	objects = {

/* Begin PBXBuildFile section */
		193D4C6B87B5EF92C2CED21E /* libPods-WeexDemoTests.a in Frameworks */ = {isa = PBXBuildFile; fileRef = EF12F552DA519CCC6B19ACB7 /* libPods-WeexDemoTests.a */; };
		2A31266BB5E16C23A3A2628D /* libPods-WeexDemoUITests.a in Frameworks */ = {isa = PBXBuildFile; fileRef = 53828DDED419CCFFE7704DBB /* libPods-WeexDemoUITests.a */; };
		A423E87A1EA84BE0003AD026 /* main.m in Sources */ = {isa = PBXBuildFile; fileRef = A423E8791EA84BE0003AD026 /* main.m */; };
		A423E87D1EA84BE0003AD026 /* AppDelegate.m in Sources */ = {isa = PBXBuildFile; fileRef = A423E87C1EA84BE0003AD026 /* AppDelegate.m */; };
		A423E8801EA84BE0003AD026 /* ViewController.m in Sources */ = {isa = PBXBuildFile; fileRef = A423E87F1EA84BE0003AD026 /* ViewController.m */; };
		A423E8851EA84BE0003AD026 /* Assets.xcassets in Resources */ = {isa = PBXBuildFile; fileRef = A423E8841EA84BE0003AD026 /* Assets.xcassets */; };
		A423E8881EA84BE0003AD026 /* LaunchScreen.storyboard in Resources */ = {isa = PBXBuildFile; fileRef = A423E8861EA84BE0003AD026 /* LaunchScreen.storyboard */; };
		A423E8931EA84BE0003AD026 /* WeexDemoTests.m in Sources */ = {isa = PBXBuildFile; fileRef = A423E8921EA84BE0003AD026 /* WeexDemoTests.m */; };
		A423E89E1EA84BE0003AD026 /* WeexDemoUITests.m in Sources */ = {isa = PBXBuildFile; fileRef = A423E89D1EA84BE0003AD026 /* WeexDemoUITests.m */; };
		A44B95AB1EAF2E9300345AA8 /* bundlejs in Resources */ = {isa = PBXBuildFile; fileRef = A44B95AA1EAF2E9300345AA8 /* bundlejs */; };
		F5194B03A3007A1C8005E03E /* libPods-WeexDemo.a in Frameworks */ = {isa = PBXBuildFile; fileRef = 8A0F083B7B02FB70CD4F7C62 /* libPods-WeexDemo.a */; };
/* End PBXBuildFile section */

/* Begin PBXContainerItemProxy section */
		A423E88F1EA84BE0003AD026 /* PBXContainerItemProxy */ = {
			isa = PBXContainerItemProxy;
			containerPortal = A423E86D1EA84BE0003AD026 /* Project object */;
			proxyType = 1;
			remoteGlobalIDString = A423E8741EA84BE0003AD026;
			remoteInfo = WeexDemo;
		};
		A423E89A1EA84BE0003AD026 /* PBXContainerItemProxy */ = {
			isa = PBXContainerItemProxy;
			containerPortal = A423E86D1EA84BE0003AD026 /* Project object */;
			proxyType = 1;
			remoteGlobalIDString = A423E8741EA84BE0003AD026;
			remoteInfo = WeexDemo;
		};
/* End PBXContainerItemProxy section */

/* Begin PBXFileReference section */
		146CE82CA14AF3AA6A2F5E93 /* Pods-WeexDemo.release.xcconfig */ = {isa = PBXFileReference; includeInIndex = 1; lastKnownFileType = text.xcconfig; name = "Pods-WeexDemo.release.xcconfig"; path = "Pods/Target Support Files/Pods-WeexDemo/Pods-WeexDemo.release.xcconfig"; sourceTree = "<group>"; };
		15ED1A9E97CA869ACCA9E23E /* Pods-WeexDemoTests.debug.xcconfig */ = {isa = PBXFileReference; includeInIndex = 1; lastKnownFileType = text.xcconfig; name = "Pods-WeexDemoTests.debug.xcconfig"; path = "Pods/Target Support Files/Pods-WeexDemoTests/Pods-WeexDemoTests.debug.xcconfig"; sourceTree = "<group>"; };
		1EA5ECB30F6C0A87C620D5D8 /* Pods-WeexDemo.debug.xcconfig */ = {isa = PBXFileReference; includeInIndex = 1; lastKnownFileType = text.xcconfig; name = "Pods-WeexDemo.debug.xcconfig"; path = "Pods/Target Support Files/Pods-WeexDemo/Pods-WeexDemo.debug.xcconfig"; sourceTree = "<group>"; };
		4975FAD32609105C4D5AFB29 /* Pods-WeexDemoUITests.debug.xcconfig */ = {isa = PBXFileReference; includeInIndex = 1; lastKnownFileType = text.xcconfig; name = "Pods-WeexDemoUITests.debug.xcconfig"; path = "Pods/Target Support Files/Pods-WeexDemoUITests/Pods-WeexDemoUITests.debug.xcconfig"; sourceTree = "<group>"; };
		53828DDED419CCFFE7704DBB /* libPods-WeexDemoUITests.a */ = {isa = PBXFileReference; explicitFileType = archive.ar; includeInIndex = 0; path = "libPods-WeexDemoUITests.a"; sourceTree = BUILT_PRODUCTS_DIR; };
		8A0F083B7B02FB70CD4F7C62 /* libPods-WeexDemo.a */ = {isa = PBXFileReference; explicitFileType = archive.ar; includeInIndex = 0; path = "libPods-WeexDemo.a"; sourceTree = BUILT_PRODUCTS_DIR; };
		A423E8751EA84BE0003AD026 /* WeexDemo.app */ = {isa = PBXFileReference; explicitFileType = wrapper.application; includeInIndex = 0; path = WeexDemo.app; sourceTree = BUILT_PRODUCTS_DIR; };
		A423E8791EA84BE0003AD026 /* main.m */ = {isa = PBXFileReference; lastKnownFileType = sourcecode.c.objc; path = main.m; sourceTree = "<group>"; };
		A423E87B1EA84BE0003AD026 /* AppDelegate.h */ = {isa = PBXFileReference; lastKnownFileType = sourcecode.c.h; path = AppDelegate.h; sourceTree = "<group>"; };
		A423E87C1EA84BE0003AD026 /* AppDelegate.m */ = {isa = PBXFileReference; lastKnownFileType = sourcecode.c.objc; path = AppDelegate.m; sourceTree = "<group>"; };
		A423E87E1EA84BE0003AD026 /* ViewController.h */ = {isa = PBXFileReference; lastKnownFileType = sourcecode.c.h; path = ViewController.h; sourceTree = "<group>"; };
		A423E87F1EA84BE0003AD026 /* ViewController.m */ = {isa = PBXFileReference; lastKnownFileType = sourcecode.c.objc; path = ViewController.m; sourceTree = "<group>"; };
		A423E8841EA84BE0003AD026 /* Assets.xcassets */ = {isa = PBXFileReference; lastKnownFileType = folder.assetcatalog; path = Assets.xcassets; sourceTree = "<group>"; };
		A423E8871EA84BE0003AD026 /* Base */ = {isa = PBXFileReference; lastKnownFileType = file.storyboard; name = Base; path = Base.lproj/LaunchScreen.storyboard; sourceTree = "<group>"; };
		A423E8891EA84BE0003AD026 /* Info.plist */ = {isa = PBXFileReference; lastKnownFileType = text.plist.xml; path = Info.plist; sourceTree = "<group>"; };
		A423E88E1EA84BE0003AD026 /* WeexDemoTests.xctest */ = {isa = PBXFileReference; explicitFileType = wrapper.cfbundle; includeInIndex = 0; path = WeexDemoTests.xctest; sourceTree = BUILT_PRODUCTS_DIR; };
		A423E8921EA84BE0003AD026 /* WeexDemoTests.m */ = {isa = PBXFileReference; lastKnownFileType = sourcecode.c.objc; path = WeexDemoTests.m; sourceTree = "<group>"; };
		A423E8941EA84BE0003AD026 /* Info.plist */ = {isa = PBXFileReference; lastKnownFileType = text.plist.xml; path = Info.plist; sourceTree = "<group>"; };
		A423E8991EA84BE0003AD026 /* WeexDemoUITests.xctest */ = {isa = PBXFileReference; explicitFileType = wrapper.cfbundle; includeInIndex = 0; path = WeexDemoUITests.xctest; sourceTree = BUILT_PRODUCTS_DIR; };
		A423E89D1EA84BE0003AD026 /* WeexDemoUITests.m */ = {isa = PBXFileReference; lastKnownFileType = sourcecode.c.objc; path = WeexDemoUITests.m; sourceTree = "<group>"; };
		A423E89F1EA84BE0003AD026 /* Info.plist */ = {isa = PBXFileReference; lastKnownFileType = text.plist.xml; path = Info.plist; sourceTree = "<group>"; };
		A44B95AA1EAF2E9300345AA8 /* bundlejs */ = {isa = PBXFileReference; lastKnownFileType = folder; path = bundlejs; sourceTree = "<group>"; };
		C8591C4ABC1D01E302D8A7FD /* Pods-WeexDemoUITests.release.xcconfig */ = {isa = PBXFileReference; includeInIndex = 1; lastKnownFileType = text.xcconfig; name = "Pods-WeexDemoUITests.release.xcconfig"; path = "Pods/Target Support Files/Pods-WeexDemoUITests/Pods-WeexDemoUITests.release.xcconfig"; sourceTree = "<group>"; };
		EF12F552DA519CCC6B19ACB7 /* libPods-WeexDemoTests.a */ = {isa = PBXFileReference; explicitFileType = archive.ar; includeInIndex = 0; path = "libPods-WeexDemoTests.a"; sourceTree = BUILT_PRODUCTS_DIR; };
		F66CBE8A59A5E16005653FAD /* Pods-WeexDemoTests.release.xcconfig */ = {isa = PBXFileReference; includeInIndex = 1; lastKnownFileType = text.xcconfig; name = "Pods-WeexDemoTests.release.xcconfig"; path = "Pods/Target Support Files/Pods-WeexDemoTests/Pods-WeexDemoTests.release.xcconfig"; sourceTree = "<group>"; };
/* End PBXFileReference section */

/* Begin PBXFrameworksBuildPhase section */
		A423E8721EA84BE0003AD026 /* Frameworks */ = {
			isa = PBXFrameworksBuildPhase;
			buildActionMask = 2147483647;
			files = (
				F5194B03A3007A1C8005E03E /* libPods-WeexDemo.a in Frameworks */,
			);
			runOnlyForDeploymentPostprocessing = 0;
		};
		A423E88B1EA84BE0003AD026 /* Frameworks */ = {
			isa = PBXFrameworksBuildPhase;
			buildActionMask = 2147483647;
			files = (
				193D4C6B87B5EF92C2CED21E /* libPods-WeexDemoTests.a in Frameworks */,
			);
			runOnlyForDeploymentPostprocessing = 0;
		};
		A423E8961EA84BE0003AD026 /* Frameworks */ = {
			isa = PBXFrameworksBuildPhase;
			buildActionMask = 2147483647;
			files = (
				2A31266BB5E16C23A3A2628D /* libPods-WeexDemoUITests.a in Frameworks */,
			);
			runOnlyForDeploymentPostprocessing = 0;
		};
/* End PBXFrameworksBuildPhase section */

/* Begin PBXGroup section */
		A423E86C1EA84BE0003AD026 = {
			isa = PBXGroup;
			children = (
				A423E8771EA84BE0003AD026 /* WeexDemo */,
				A423E8911EA84BE0003AD026 /* WeexDemoTests */,
				A423E89C1EA84BE0003AD026 /* WeexDemoUITests */,
				A423E8761EA84BE0003AD026 /* Products */,
				BEA2C906818FA55B63D0288B /* Pods */,
				A79A8051607011FDCB717C0B /* Frameworks */,
			);
			sourceTree = "<group>";
		};
		A423E8761EA84BE0003AD026 /* Products */ = {
			isa = PBXGroup;
			children = (
				A423E8751EA84BE0003AD026 /* WeexDemo.app */,
				A423E88E1EA84BE0003AD026 /* WeexDemoTests.xctest */,
				A423E8991EA84BE0003AD026 /* WeexDemoUITests.xctest */,
			);
			name = Products;
			sourceTree = "<group>";
		};
		A423E8771EA84BE0003AD026 /* WeexDemo */ = {
			isa = PBXGroup;
			children = (
				A44B95AA1EAF2E9300345AA8 /* bundlejs */,
				A423E87B1EA84BE0003AD026 /* AppDelegate.h */,
				A423E87C1EA84BE0003AD026 /* AppDelegate.m */,
				A423E87E1EA84BE0003AD026 /* ViewController.h */,
				A423E87F1EA84BE0003AD026 /* ViewController.m */,
				A423E8841EA84BE0003AD026 /* Assets.xcassets */,
				A423E8861EA84BE0003AD026 /* LaunchScreen.storyboard */,
				A423E8891EA84BE0003AD026 /* Info.plist */,
				A423E8781EA84BE0003AD026 /* Supporting Files */,
			);
			path = WeexDemo;
			sourceTree = "<group>";
		};
		A423E8781EA84BE0003AD026 /* Supporting Files */ = {
			isa = PBXGroup;
			children = (
				A423E8791EA84BE0003AD026 /* main.m */,
			);
			name = "Supporting Files";
			sourceTree = "<group>";
		};
		A423E8911EA84BE0003AD026 /* WeexDemoTests */ = {
			isa = PBXGroup;
			children = (
				A423E8921EA84BE0003AD026 /* WeexDemoTests.m */,
				A423E8941EA84BE0003AD026 /* Info.plist */,
			);
			path = WeexDemoTests;
			sourceTree = "<group>";
		};
		A423E89C1EA84BE0003AD026 /* WeexDemoUITests */ = {
			isa = PBXGroup;
			children = (
				A423E89D1EA84BE0003AD026 /* WeexDemoUITests.m */,
				A423E89F1EA84BE0003AD026 /* Info.plist */,
			);
			path = WeexDemoUITests;
			sourceTree = "<group>";
		};
		A79A8051607011FDCB717C0B /* Frameworks */ = {
			isa = PBXGroup;
			children = (
				8A0F083B7B02FB70CD4F7C62 /* libPods-WeexDemo.a */,
				EF12F552DA519CCC6B19ACB7 /* libPods-WeexDemoTests.a */,
				53828DDED419CCFFE7704DBB /* libPods-WeexDemoUITests.a */,
			);
			name = Frameworks;
			sourceTree = "<group>";
		};
		BEA2C906818FA55B63D0288B /* Pods */ = {
			isa = PBXGroup;
			children = (
				1EA5ECB30F6C0A87C620D5D8 /* Pods-WeexDemo.debug.xcconfig */,
				146CE82CA14AF3AA6A2F5E93 /* Pods-WeexDemo.release.xcconfig */,
				15ED1A9E97CA869ACCA9E23E /* Pods-WeexDemoTests.debug.xcconfig */,
				F66CBE8A59A5E16005653FAD /* Pods-WeexDemoTests.release.xcconfig */,
				4975FAD32609105C4D5AFB29 /* Pods-WeexDemoUITests.debug.xcconfig */,
				C8591C4ABC1D01E302D8A7FD /* Pods-WeexDemoUITests.release.xcconfig */,
			);
			name = Pods;
			sourceTree = "<group>";
		};
/* End PBXGroup section */

/* Begin PBXNativeTarget section */
		A423E8741EA84BE0003AD026 /* WeexDemo */ = {
			isa = PBXNativeTarget;
			buildConfigurationList = A423E8A21EA84BE0003AD026 /* Build configuration list for PBXNativeTarget "WeexDemo" */;
			buildPhases = (
				1E022FDC543CA61DAF27A8C3 /* [CP] Check Pods Manifest.lock */,
				A423E8711EA84BE0003AD026 /* Sources */,
				A423E8721EA84BE0003AD026 /* Frameworks */,
				A423E8731EA84BE0003AD026 /* Resources */,
				42D51799DC2407470F20B0BC /* [CP] Embed Pods Frameworks */,
				1A75B2322F8142B3D4E79FCC /* [CP] Copy Pods Resources */,
			);
			buildRules = (
			);
			dependencies = (
			);
			name = WeexDemo;
			productName = WeexDemo;
			productReference = A423E8751EA84BE0003AD026 /* WeexDemo.app */;
			productType = "com.apple.product-type.application";
		};
		A423E88D1EA84BE0003AD026 /* WeexDemoTests */ = {
			isa = PBXNativeTarget;
			buildConfigurationList = A423E8A51EA84BE0003AD026 /* Build configuration list for PBXNativeTarget "WeexDemoTests" */;
			buildPhases = (
				C7AA977CC6E2E95121EC03F4 /* [CP] Check Pods Manifest.lock */,
				A423E88A1EA84BE0003AD026 /* Sources */,
				A423E88B1EA84BE0003AD026 /* Frameworks */,
				A423E88C1EA84BE0003AD026 /* Resources */,
				D8C81800A601BA4724A14A51 /* [CP] Embed Pods Frameworks */,
				14B0ED0F9CBD279CC0936E9D /* [CP] Copy Pods Resources */,
			);
			buildRules = (
			);
			dependencies = (
				A423E8901EA84BE0003AD026 /* PBXTargetDependency */,
			);
			name = WeexDemoTests;
			productName = WeexDemoTests;
			productReference = A423E88E1EA84BE0003AD026 /* WeexDemoTests.xctest */;
			productType = "com.apple.product-type.bundle.unit-test";
		};
		A423E8981EA84BE0003AD026 /* WeexDemoUITests */ = {
			isa = PBXNativeTarget;
			buildConfigurationList = A423E8A81EA84BE0003AD026 /* Build configuration list for PBXNativeTarget "WeexDemoUITests" */;
			buildPhases = (
				1A81131EC8623DF7B4819975 /* [CP] Check Pods Manifest.lock */,
				A423E8951EA84BE0003AD026 /* Sources */,
				A423E8961EA84BE0003AD026 /* Frameworks */,
				A423E8971EA84BE0003AD026 /* Resources */,
				B4F4A969FF2F9AF3BF0B6691 /* [CP] Embed Pods Frameworks */,
				C8799F924351DD82A79DC11F /* [CP] Copy Pods Resources */,
			);
			buildRules = (
			);
			dependencies = (
				A423E89B1EA84BE0003AD026 /* PBXTargetDependency */,
			);
			name = WeexDemoUITests;
			productName = WeexDemoUITests;
			productReference = A423E8991EA84BE0003AD026 /* WeexDemoUITests.xctest */;
			productType = "com.apple.product-type.bundle.ui-testing";
		};
/* End PBXNativeTarget section */

/* Begin PBXProject section */
		A423E86D1EA84BE0003AD026 /* Project object */ = {
			isa = PBXProject;
			attributes = {
				LastUpgradeCheck = 0830;
				ORGANIZATIONNAME = "刘志豪";
				TargetAttributes = {
					A423E8741EA84BE0003AD026 = {
						CreatedOnToolsVersion = 8.3;
						ProvisioningStyle = Automatic;
					};
					A423E88D1EA84BE0003AD026 = {
						CreatedOnToolsVersion = 8.3;
						ProvisioningStyle = Automatic;
						TestTargetID = A423E8741EA84BE0003AD026;
					};
					A423E8981EA84BE0003AD026 = {
						CreatedOnToolsVersion = 8.3;
						ProvisioningStyle = Automatic;
						TestTargetID = A423E8741EA84BE0003AD026;
					};
				};
			};
			buildConfigurationList = A423E8701EA84BE0003AD026 /* Build configuration list for PBXProject "WeexDemo" */;
			compatibilityVersion = "Xcode 3.2";
			developmentRegion = English;
			hasScannedForEncodings = 0;
			knownRegions = (
				en,
				Base,
			);
			mainGroup = A423E86C1EA84BE0003AD026;
			productRefGroup = A423E8761EA84BE0003AD026 /* Products */;
			projectDirPath = "";
			projectRoot = "";
			targets = (
				A423E8741EA84BE0003AD026 /* WeexDemo */,
				A423E88D1EA84BE0003AD026 /* WeexDemoTests */,
				A423E8981EA84BE0003AD026 /* WeexDemoUITests */,
			);
		};
/* End PBXProject section */

/* Begin PBXResourcesBuildPhase section */
		A423E8731EA84BE0003AD026 /* Resources */ = {
			isa = PBXResourcesBuildPhase;
			buildActionMask = 2147483647;
			files = (
				A423E8881EA84BE0003AD026 /* LaunchScreen.storyboard in Resources */,
				A423E8851EA84BE0003AD026 /* Assets.xcassets in Resources */,
				A44B95AB1EAF2E9300345AA8 /* bundlejs in Resources */,
			);
			runOnlyForDeploymentPostprocessing = 0;
		};
		A423E88C1EA84BE0003AD026 /* Resources */ = {
			isa = PBXResourcesBuildPhase;
			buildActionMask = 2147483647;
			files = (
			);
			runOnlyForDeploymentPostprocessing = 0;
		};
		A423E8971EA84BE0003AD026 /* Resources */ = {
			isa = PBXResourcesBuildPhase;
			buildActionMask = 2147483647;
			files = (
			);
			runOnlyForDeploymentPostprocessing = 0;
		};
/* End PBXResourcesBuildPhase section */

/* Begin PBXShellScriptBuildPhase section */
		14B0ED0F9CBD279CC0936E9D /* [CP] Copy Pods Resources */ = {
			isa = PBXShellScriptBuildPhase;
			buildActionMask = 2147483647;
			files = (
			);
			inputPaths = (
			);
			name = "[CP] Copy Pods Resources";
			outputPaths = (
			);
			runOnlyForDeploymentPostprocessing = 0;
			shellPath = /bin/sh;
			shellScript = "\"${SRCROOT}/Pods/Target Support Files/Pods-WeexDemoTests/Pods-WeexDemoTests-resources.sh\"\n";
			showEnvVarsInLog = 0;
		};
		1A75B2322F8142B3D4E79FCC /* [CP] Copy Pods Resources */ = {
			isa = PBXShellScriptBuildPhase;
			buildActionMask = 2147483647;
			files = (
			);
			inputPaths = (
			);
			name = "[CP] Copy Pods Resources";
			outputPaths = (
			);
			runOnlyForDeploymentPostprocessing = 0;
			shellPath = /bin/sh;
			shellScript = "\"${SRCROOT}/Pods/Target Support Files/Pods-WeexDemo/Pods-WeexDemo-resources.sh\"\n";
			showEnvVarsInLog = 0;
		};
		1A81131EC8623DF7B4819975 /* [CP] Check Pods Manifest.lock */ = {
			isa = PBXShellScriptBuildPhase;
			buildActionMask = 2147483647;
			files = (
			);
			inputPaths = (
			);
			name = "[CP] Check Pods Manifest.lock";
			outputPaths = (
			);
			runOnlyForDeploymentPostprocessing = 0;
			shellPath = /bin/sh;
			shellScript = "diff \"${PODS_ROOT}/../Podfile.lock\" \"${PODS_ROOT}/Manifest.lock\" > /dev/null\nif [ $? != 0 ] ; then\n    # print error to STDERR\n    echo \"error: The sandbox is not in sync with the Podfile.lock. Run 'pod install' or update your CocoaPods installation.\" >&2\n    exit 1\nfi\n";
			showEnvVarsInLog = 0;
		};
		1E022FDC543CA61DAF27A8C3 /* [CP] Check Pods Manifest.lock */ = {
			isa = PBXShellScriptBuildPhase;
			buildActionMask = 2147483647;
			files = (
			);
			inputPaths = (
			);
			name = "[CP] Check Pods Manifest.lock";
			outputPaths = (
			);
			runOnlyForDeploymentPostprocessing = 0;
			shellPath = /bin/sh;
			shellScript = "diff \"${PODS_ROOT}/../Podfile.lock\" \"${PODS_ROOT}/Manifest.lock\" > /dev/null\nif [ $? != 0 ] ; then\n    # print error to STDERR\n    echo \"error: The sandbox is not in sync with the Podfile.lock. Run 'pod install' or update your CocoaPods installation.\" >&2\n    exit 1\nfi\n";
			showEnvVarsInLog = 0;
		};
		42D51799DC2407470F20B0BC /* [CP] Embed Pods Frameworks */ = {
			isa = PBXShellScriptBuildPhase;
			buildActionMask = 2147483647;
			files = (
			);
			inputPaths = (
			);
			name = "[CP] Embed Pods Frameworks";
			outputPaths = (
			);
			runOnlyForDeploymentPostprocessing = 0;
			shellPath = /bin/sh;
			shellScript = "\"${SRCROOT}/Pods/Target Support Files/Pods-WeexDemo/Pods-WeexDemo-frameworks.sh\"\n";
			showEnvVarsInLog = 0;
		};
		B4F4A969FF2F9AF3BF0B6691 /* [CP] Embed Pods Frameworks */ = {
			isa = PBXShellScriptBuildPhase;
			buildActionMask = 2147483647;
			files = (
			);
			inputPaths = (
			);
			name = "[CP] Embed Pods Frameworks";
			outputPaths = (
			);
			runOnlyForDeploymentPostprocessing = 0;
			shellPath = /bin/sh;
			shellScript = "\"${SRCROOT}/Pods/Target Support Files/Pods-WeexDemoUITests/Pods-WeexDemoUITests-frameworks.sh\"\n";
			showEnvVarsInLog = 0;
		};
		C7AA977CC6E2E95121EC03F4 /* [CP] Check Pods Manifest.lock */ = {
			isa = PBXShellScriptBuildPhase;
			buildActionMask = 2147483647;
			files = (
			);
			inputPaths = (
			);
			name = "[CP] Check Pods Manifest.lock";
			outputPaths = (
			);
			runOnlyForDeploymentPostprocessing = 0;
			shellPath = /bin/sh;
			shellScript = "diff \"${PODS_ROOT}/../Podfile.lock\" \"${PODS_ROOT}/Manifest.lock\" > /dev/null\nif [ $? != 0 ] ; then\n    # print error to STDERR\n    echo \"error: The sandbox is not in sync with the Podfile.lock. Run 'pod install' or update your CocoaPods installation.\" >&2\n    exit 1\nfi\n";
			showEnvVarsInLog = 0;
		};
		C8799F924351DD82A79DC11F /* [CP] Copy Pods Resources */ = {
			isa = PBXShellScriptBuildPhase;
			buildActionMask = 2147483647;
			files = (
			);
			inputPaths = (
			);
			name = "[CP] Copy Pods Resources";
			outputPaths = (
			);
			runOnlyForDeploymentPostprocessing = 0;
			shellPath = /bin/sh;
			shellScript = "\"${SRCROOT}/Pods/Target Support Files/Pods-WeexDemoUITests/Pods-WeexDemoUITests-resources.sh\"\n";
			showEnvVarsInLog = 0;
		};
		D8C81800A601BA4724A14A51 /* [CP] Embed Pods Frameworks */ = {
			isa = PBXShellScriptBuildPhase;
			buildActionMask = 2147483647;
			files = (
			);
			inputPaths = (
			);
			name = "[CP] Embed Pods Frameworks";
			outputPaths = (
			);
			runOnlyForDeploymentPostprocessing = 0;
			shellPath = /bin/sh;
			shellScript = "\"${SRCROOT}/Pods/Target Support Files/Pods-WeexDemoTests/Pods-WeexDemoTests-frameworks.sh\"\n";
			showEnvVarsInLog = 0;
		};
/* End PBXShellScriptBuildPhase section */

/* Begin PBXSourcesBuildPhase section */
		A423E8711EA84BE0003AD026 /* Sources */ = {
			isa = PBXSourcesBuildPhase;
			buildActionMask = 2147483647;
			files = (
				A423E8801EA84BE0003AD026 /* ViewController.m in Sources */,
				A423E87D1EA84BE0003AD026 /* AppDelegate.m in Sources */,
				A423E87A1EA84BE0003AD026 /* main.m in Sources */,
			);
			runOnlyForDeploymentPostprocessing = 0;
		};
		A423E88A1EA84BE0003AD026 /* Sources */ = {
			isa = PBXSourcesBuildPhase;
			buildActionMask = 2147483647;
			files = (
				A423E8931EA84BE0003AD026 /* WeexDemoTests.m in Sources */,
			);
			runOnlyForDeploymentPostprocessing = 0;
		};
		A423E8951EA84BE0003AD026 /* Sources */ = {
			isa = PBXSourcesBuildPhase;
			buildActionMask = 2147483647;
			files = (
				A423E89E1EA84BE0003AD026 /* WeexDemoUITests.m in Sources */,
			);
			runOnlyForDeploymentPostprocessing = 0;
		};
/* End PBXSourcesBuildPhase section */

/* Begin PBXTargetDependency section */
		A423E8901EA84BE0003AD026 /* PBXTargetDependency */ = {
			isa = PBXTargetDependency;
			target = A423E8741EA84BE0003AD026 /* WeexDemo */;
			targetProxy = A423E88F1EA84BE0003AD026 /* PBXContainerItemProxy */;
		};
		A423E89B1EA84BE0003AD026 /* PBXTargetDependency */ = {
			isa = PBXTargetDependency;
			target = A423E8741EA84BE0003AD026 /* WeexDemo */;
			targetProxy = A423E89A1EA84BE0003AD026 /* PBXContainerItemProxy */;
		};
/* End PBXTargetDependency section */

/* Begin PBXVariantGroup section */
		A423E8861EA84BE0003AD026 /* LaunchScreen.storyboard */ = {
			isa = PBXVariantGroup;
			children = (
				A423E8871EA84BE0003AD026 /* Base */,
			);
			name = LaunchScreen.storyboard;
			sourceTree = "<group>";
		};
/* End PBXVariantGroup section */

/* Begin XCBuildConfiguration section */
		A423E8A01EA84BE0003AD026 /* Debug */ = {
			isa = XCBuildConfiguration;
			buildSettings = {
				ALWAYS_SEARCH_USER_PATHS = NO;
				CLANG_ANALYZER_NONNULL = YES;
				CLANG_ANALYZER_NUMBER_OBJECT_CONVERSION = YES_AGGRESSIVE;
				CLANG_CXX_LANGUAGE_STANDARD = "gnu++0x";
				CLANG_CXX_LIBRARY = "libc++";
				CLANG_ENABLE_MODULES = YES;
				CLANG_ENABLE_OBJC_ARC = YES;
				CLANG_WARN_BOOL_CONVERSION = YES;
				CLANG_WARN_CONSTANT_CONVERSION = YES;
				CLANG_WARN_DIRECT_OBJC_ISA_USAGE = YES_ERROR;
				CLANG_WARN_DOCUMENTATION_COMMENTS = YES;
				CLANG_WARN_EMPTY_BODY = YES;
				CLANG_WARN_ENUM_CONVERSION = YES;
				CLANG_WARN_INFINITE_RECURSION = YES;
				CLANG_WARN_INT_CONVERSION = YES;
				CLANG_WARN_OBJC_ROOT_CLASS = YES_ERROR;
				CLANG_WARN_SUSPICIOUS_MOVE = YES;
				CLANG_WARN_UNREACHABLE_CODE = YES;
				CLANG_WARN__DUPLICATE_METHOD_MATCH = YES;
				"CODE_SIGN_IDENTITY[sdk=iphoneos*]" = "iPhone Developer";
				COPY_PHASE_STRIP = NO;
				DEBUG_INFORMATION_FORMAT = dwarf;
				ENABLE_STRICT_OBJC_MSGSEND = YES;
				ENABLE_TESTABILITY = YES;
				GCC_C_LANGUAGE_STANDARD = gnu99;
				GCC_DYNAMIC_NO_PIC = NO;
				GCC_NO_COMMON_BLOCKS = YES;
				GCC_OPTIMIZATION_LEVEL = 0;
				GCC_PREPROCESSOR_DEFINITIONS = (
					"DEBUG=1",
					"$(inherited)",
				);
				GCC_WARN_64_TO_32_BIT_CONVERSION = YES;
				GCC_WARN_ABOUT_RETURN_TYPE = YES_ERROR;
				GCC_WARN_UNDECLARED_SELECTOR = YES;
				GCC_WARN_UNINITIALIZED_AUTOS = YES_AGGRESSIVE;
				GCC_WARN_UNUSED_FUNCTION = YES;
				GCC_WARN_UNUSED_VARIABLE = YES;
				IPHONEOS_DEPLOYMENT_TARGET = 10.3;
				MTL_ENABLE_DEBUG_INFO = YES;
				ONLY_ACTIVE_ARCH = YES;
				SDKROOT = iphoneos;
				TARGETED_DEVICE_FAMILY = "1,2";
			};
			name = Debug;
		};
		A423E8A11EA84BE0003AD026 /* Release */ = {
			isa = XCBuildConfiguration;
			buildSettings = {
				ALWAYS_SEARCH_USER_PATHS = NO;
				CLANG_ANALYZER_NONNULL = YES;
				CLANG_ANALYZER_NUMBER_OBJECT_CONVERSION = YES_AGGRESSIVE;
				CLANG_CXX_LANGUAGE_STANDARD = "gnu++0x";
				CLANG_CXX_LIBRARY = "libc++";
				CLANG_ENABLE_MODULES = YES;
				CLANG_ENABLE_OBJC_ARC = YES;
				CLANG_WARN_BOOL_CONVERSION = YES;
				CLANG_WARN_CONSTANT_CONVERSION = YES;
				CLANG_WARN_DIRECT_OBJC_ISA_USAGE = YES_ERROR;
				CLANG_WARN_DOCUMENTATION_COMMENTS = YES;
				CLANG_WARN_EMPTY_BODY = YES;
				CLANG_WARN_ENUM_CONVERSION = YES;
				CLANG_WARN_INFINITE_RECURSION = YES;
				CLANG_WARN_INT_CONVERSION = YES;
				CLANG_WARN_OBJC_ROOT_CLASS = YES_ERROR;
				CLANG_WARN_SUSPICIOUS_MOVE = YES;
				CLANG_WARN_UNREACHABLE_CODE = YES;
				CLANG_WARN__DUPLICATE_METHOD_MATCH = YES;
				"CODE_SIGN_IDENTITY[sdk=iphoneos*]" = "iPhone Developer";
				COPY_PHASE_STRIP = NO;
				DEBUG_INFORMATION_FORMAT = "dwarf-with-dsym";
				ENABLE_NS_ASSERTIONS = NO;
				ENABLE_STRICT_OBJC_MSGSEND = YES;
				GCC_C_LANGUAGE_STANDARD = gnu99;
				GCC_NO_COMMON_BLOCKS = YES;
				GCC_WARN_64_TO_32_BIT_CONVERSION = YES;
				GCC_WARN_ABOUT_RETURN_TYPE = YES_ERROR;
				GCC_WARN_UNDECLARED_SELECTOR = YES;
				GCC_WARN_UNINITIALIZED_AUTOS = YES_AGGRESSIVE;
				GCC_WARN_UNUSED_FUNCTION = YES;
				GCC_WARN_UNUSED_VARIABLE = YES;
				IPHONEOS_DEPLOYMENT_TARGET = 10.3;
				MTL_ENABLE_DEBUG_INFO = NO;
				SDKROOT = iphoneos;
				TARGETED_DEVICE_FAMILY = "1,2";
				VALIDATE_PRODUCT = YES;
			};
			name = Release;
		};
		A423E8A31EA84BE0003AD026 /* Debug */ = {
			isa = XCBuildConfiguration;
			baseConfigurationReference = 1EA5ECB30F6C0A87C620D5D8 /* Pods-WeexDemo.debug.xcconfig */;
			buildSettings = {
				ASSETCATALOG_COMPILER_APPICON_NAME = AppIcon;
				INFOPLIST_FILE = WeexDemo/Info.plist;
				LD_RUNPATH_SEARCH_PATHS = "$(inherited) @executable_path/Frameworks";
				PRODUCT_BUNDLE_IDENTIFIER = slzbutton.WeexDemo;
				PRODUCT_NAME = "$(TARGET_NAME)";
			};
			name = Debug;
		};
		A423E8A41EA84BE0003AD026 /* Release */ = {
			isa = XCBuildConfiguration;
			baseConfigurationReference = 146CE82CA14AF3AA6A2F5E93 /* Pods-WeexDemo.release.xcconfig */;
			buildSettings = {
				ASSETCATALOG_COMPILER_APPICON_NAME = AppIcon;
				INFOPLIST_FILE = WeexDemo/Info.plist;
				LD_RUNPATH_SEARCH_PATHS = "$(inherited) @executable_path/Frameworks";
				PRODUCT_BUNDLE_IDENTIFIER = slzbutton.WeexDemo;
				PRODUCT_NAME = "$(TARGET_NAME)";
			};
			name = Release;
		};
		A423E8A61EA84BE0003AD026 /* Debug */ = {
			isa = XCBuildConfiguration;
			baseConfigurationReference = 15ED1A9E97CA869ACCA9E23E /* Pods-WeexDemoTests.debug.xcconfig */;
			buildSettings = {
				BUNDLE_LOADER = "$(TEST_HOST)";
				INFOPLIST_FILE = WeexDemoTests/Info.plist;
				LD_RUNPATH_SEARCH_PATHS = "$(inherited) @executable_path/Frameworks @loader_path/Frameworks";
				PRODUCT_BUNDLE_IDENTIFIER = slzbutton.WeexDemoTests;
				PRODUCT_NAME = "$(TARGET_NAME)";
				TEST_HOST = "$(BUILT_PRODUCTS_DIR)/WeexDemo.app/WeexDemo";
			};
			name = Debug;
		};
		A423E8A71EA84BE0003AD026 /* Release */ = {
			isa = XCBuildConfiguration;
			baseConfigurationReference = F66CBE8A59A5E16005653FAD /* Pods-WeexDemoTests.release.xcconfig */;
			buildSettings = {
				BUNDLE_LOADER = "$(TEST_HOST)";
				INFOPLIST_FILE = WeexDemoTests/Info.plist;
				LD_RUNPATH_SEARCH_PATHS = "$(inherited) @executable_path/Frameworks @loader_path/Frameworks";
				PRODUCT_BUNDLE_IDENTIFIER = slzbutton.WeexDemoTests;
				PRODUCT_NAME = "$(TARGET_NAME)";
				TEST_HOST = "$(BUILT_PRODUCTS_DIR)/WeexDemo.app/WeexDemo";
			};
			name = Release;
		};
		A423E8A91EA84BE0003AD026 /* Debug */ = {
			isa = XCBuildConfiguration;
			baseConfigurationReference = 4975FAD32609105C4D5AFB29 /* Pods-WeexDemoUITests.debug.xcconfig */;
			buildSettings = {
				INFOPLIST_FILE = WeexDemoUITests/Info.plist;
				LD_RUNPATH_SEARCH_PATHS = "$(inherited) @executable_path/Frameworks @loader_path/Frameworks";
				PRODUCT_BUNDLE_IDENTIFIER = slzbutton.WeexDemoUITests;
				PRODUCT_NAME = "$(TARGET_NAME)";
				TEST_TARGET_NAME = WeexDemo;
			};
			name = Debug;
		};
		A423E8AA1EA84BE0003AD026 /* Release */ = {
			isa = XCBuildConfiguration;
			baseConfigurationReference = C8591C4ABC1D01E302D8A7FD /* Pods-WeexDemoUITests.release.xcconfig */;
			buildSettings = {
				INFOPLIST_FILE = WeexDemoUITests/Info.plist;
				LD_RUNPATH_SEARCH_PATHS = "$(inherited) @executable_path/Frameworks @loader_path/Frameworks";
				PRODUCT_BUNDLE_IDENTIFIER = slzbutton.WeexDemoUITests;
				PRODUCT_NAME = "$(TARGET_NAME)";
				TEST_TARGET_NAME = WeexDemo;
			};
			name = Release;
		};
/* End XCBuildConfiguration section */

/* Begin XCConfigurationList section */
		A423E8701EA84BE0003AD026 /* Build configuration list for PBXProject "WeexDemo" */ = {
			isa = XCConfigurationList;
			buildConfigurations = (
				A423E8A01EA84BE0003AD026 /* Debug */,
				A423E8A11EA84BE0003AD026 /* Release */,
			);
			defaultConfigurationIsVisible = 0;
			defaultConfigurationName = Release;
		};
		A423E8A21EA84BE0003AD026 /* Build configuration list for PBXNativeTarget "WeexDemo" */ = {
			isa = XCConfigurationList;
			buildConfigurations = (
				A423E8A31EA84BE0003AD026 /* Debug */,
				A423E8A41EA84BE0003AD026 /* Release */,
			);
			defaultConfigurationIsVisible = 0;
			defaultConfigurationName = Release;
		};
		A423E8A51EA84BE0003AD026 /* Build configuration list for PBXNativeTarget "WeexDemoTests" */ = {
			isa = XCConfigurationList;
			buildConfigurations = (
				A423E8A61EA84BE0003AD026 /* Debug */,
				A423E8A71EA84BE0003AD026 /* Release */,
			);
			defaultConfigurationIsVisible = 0;
			defaultConfigurationName = Release;
		};
		A423E8A81EA84BE0003AD026 /* Build configuration list for PBXNativeTarget "WeexDemoUITests" */ = {
			isa = XCConfigurationList;
			buildConfigurations = (
				A423E8A91EA84BE0003AD026 /* Debug */,
				A423E8AA1EA84BE0003AD026 /* Release */,
			);
			defaultConfigurationIsVisible = 0;
			defaultConfigurationName = Release;
		};
/* End XCConfigurationList section */
	};
	rootObject = A423E86D1EA84BE0003AD026 /* Project object */;
}
