// !$*UTF8*$!
{
	archiveVersion = 1;
	classes = {
	};
	objectVersion = 46;
	objects = {

/* Begin PBXBuildFile section */
		584C0BF21E1B866D009EDA56 /* main.m in Sources */ = {isa = PBXBuildFile; fileRef = 584C0BF11E1B866D009EDA56 /* main.m */; };
		584C0BF51E1B866D009EDA56 /* AppDelegate.m in Sources */ = {isa = PBXBuildFile; fileRef = 584C0BF41E1B866D009EDA56 /* AppDelegate.m */; };
		584C0BF81E1B866D009EDA56 /* ViewController.m in Sources */ = {isa = PBXBuildFile; fileRef = 584C0BF71E1B866D009EDA56 /* ViewController.m */; };
		584C0BFB1E1B866D009EDA56 /* Main.storyboard in Resources */ = {isa = PBXBuildFile; fileRef = 584C0BF91E1B866D009EDA56 /* Main.storyboard */; };
		584C0BFD1E1B866D009EDA56 /* Assets.xcassets in Resources */ = {isa = PBXBuildFile; fileRef = 584C0BFC1E1B866D009EDA56 /* Assets.xcassets */; };
		584C0C001E1B866D009EDA56 /* LaunchScreen.storyboard in Resources */ = {isa = PBXBuildFile; fileRef = 584C0BFE1E1B866D009EDA56 /* LaunchScreen.storyboard */; };
		584C0C151E1B86FE009EDA56 /* VpnInfo.m in Sources */ = {isa = PBXBuildFile; fileRef = 584C0C141E1B86FE009EDA56 /* VpnInfo.m */; };
		584C0C181E1B87C4009EDA56 /* VpnConnector.m in Sources */ = {isa = PBXBuildFile; fileRef = 584C0C171E1B87C4009EDA56 /* VpnConnector.m */; };
		584C0C1B1E1B8984009EDA56 /* Security.framework in Frameworks */ = {isa = PBXBuildFile; fileRef = 584C0C1A1E1B8984009EDA56 /* Security.framework */; };
		584C0C1D1E1B898A009EDA56 /* NetworkExtension.framework in Frameworks */ = {isa = PBXBuildFile; fileRef = 584C0C1C1E1B898A009EDA56 /* NetworkExtension.framework */; };
/* End PBXBuildFile section */

/* Begin PBXFileReference section */
		584C0BED1E1B866D009EDA56 /* VPNDemo.app */ = {isa = PBXFileReference; explicitFileType = wrapper.application; includeInIndex = 0; path = VPNDemo.app; sourceTree = BUILT_PRODUCTS_DIR; };
		584C0BF11E1B866D009EDA56 /* main.m */ = {isa = PBXFileReference; lastKnownFileType = sourcecode.c.objc; path = main.m; sourceTree = "<group>"; };
		584C0BF31E1B866D009EDA56 /* AppDelegate.h */ = {isa = PBXFileReference; lastKnownFileType = sourcecode.c.h; path = AppDelegate.h; sourceTree = "<group>"; };
		584C0BF41E1B866D009EDA56 /* AppDelegate.m */ = {isa = PBXFileReference; lastKnownFileType = sourcecode.c.objc; path = AppDelegate.m; sourceTree = "<group>"; };
		584C0BF61E1B866D009EDA56 /* ViewController.h */ = {isa = PBXFileReference; lastKnownFileType = sourcecode.c.h; path = ViewController.h; sourceTree = "<group>"; };
		584C0BF71E1B866D009EDA56 /* ViewController.m */ = {isa = PBXFileReference; lastKnownFileType = sourcecode.c.objc; path = ViewController.m; sourceTree = "<group>"; };
		584C0BFA1E1B866D009EDA56 /* Base */ = {isa = PBXFileReference; lastKnownFileType = file.storyboard; name = Base; path = Base.lproj/Main.storyboard; sourceTree = "<group>"; };
		584C0BFC1E1B866D009EDA56 /* Assets.xcassets */ = {isa = PBXFileReference; lastKnownFileType = folder.assetcatalog; path = Assets.xcassets; sourceTree = "<group>"; };
		584C0BFF1E1B866D009EDA56 /* Base */ = {isa = PBXFileReference; lastKnownFileType = file.storyboard; name = Base; path = Base.lproj/LaunchScreen.storyboard; sourceTree = "<group>"; };
		584C0C011E1B866D009EDA56 /* Info.plist */ = {isa = PBXFileReference; lastKnownFileType = text.plist.xml; path = Info.plist; sourceTree = "<group>"; };
		584C0C131E1B86FE009EDA56 /* VpnInfo.h */ = {isa = PBXFileReference; fileEncoding = 4; lastKnownFileType = sourcecode.c.h; path = VpnInfo.h; sourceTree = "<group>"; };
		584C0C141E1B86FE009EDA56 /* VpnInfo.m */ = {isa = PBXFileReference; fileEncoding = 4; lastKnownFileType = sourcecode.c.objc; path = VpnInfo.m; sourceTree = "<group>"; };
		584C0C161E1B87C4009EDA56 /* VpnConnector.h */ = {isa = PBXFileReference; fileEncoding = 4; lastKnownFileType = sourcecode.c.h; path = VpnConnector.h; sourceTree = "<group>"; };
		584C0C171E1B87C4009EDA56 /* VpnConnector.m */ = {isa = PBXFileReference; fileEncoding = 4; lastKnownFileType = sourcecode.c.objc; path = VpnConnector.m; sourceTree = "<group>"; };
		584C0C1A1E1B8984009EDA56 /* Security.framework */ = {isa = PBXFileReference; lastKnownFileType = wrapper.framework; name = Security.framework; path = System/Library/Frameworks/Security.framework; sourceTree = SDKROOT; };
		584C0C1C1E1B898A009EDA56 /* NetworkExtension.framework */ = {isa = PBXFileReference; lastKnownFileType = wrapper.framework; name = NetworkExtension.framework; path = System/Library/Frameworks/NetworkExtension.framework; sourceTree = SDKROOT; };
/* End PBXFileReference section */

/* Begin PBXFrameworksBuildPhase section */
		584C0BEA1E1B866D009EDA56 /* Frameworks */ = {
			isa = PBXFrameworksBuildPhase;
			buildActionMask = 2147483647;
			files = (
				584C0C1D1E1B898A009EDA56 /* NetworkExtension.framework in Frameworks */,
				584C0C1B1E1B8984009EDA56 /* Security.framework in Frameworks */,
			);
			runOnlyForDeploymentPostprocessing = 0;
		};
/* End PBXFrameworksBuildPhase section */

/* Begin PBXGroup section */
		584C0BE41E1B866D009EDA56 = {
			isa = PBXGroup;
			children = (
				584C0BEF1E1B866D009EDA56 /* VPNDemo */,
				584C0BEE1E1B866D009EDA56 /* Products */,
				584C0C191E1B8984009EDA56 /* Frameworks */,
			);
			sourceTree = "<group>";
		};
		584C0BEE1E1B866D009EDA56 /* Products */ = {
			isa = PBXGroup;
			children = (
				584C0BED1E1B866D009EDA56 /* VPNDemo.app */,
			);
			name = Products;
			sourceTree = "<group>";
		};
		584C0BEF1E1B866D009EDA56 /* VPNDemo */ = {
			isa = PBXGroup;
			children = (
				584C0BF31E1B866D009EDA56 /* AppDelegate.h */,
				584C0BF41E1B866D009EDA56 /* AppDelegate.m */,
				584C0BF61E1B866D009EDA56 /* ViewController.h */,
				584C0BF71E1B866D009EDA56 /* ViewController.m */,
				584C0C131E1B86FE009EDA56 /* VpnInfo.h */,
				584C0C141E1B86FE009EDA56 /* VpnInfo.m */,
				584C0C161E1B87C4009EDA56 /* VpnConnector.h */,
				584C0C171E1B87C4009EDA56 /* VpnConnector.m */,
				584C0BF91E1B866D009EDA56 /* Main.storyboard */,
				584C0BFC1E1B866D009EDA56 /* Assets.xcassets */,
				584C0BFE1E1B866D009EDA56 /* LaunchScreen.storyboard */,
				584C0C011E1B866D009EDA56 /* Info.plist */,
				584C0BF01E1B866D009EDA56 /* Supporting Files */,
			);
			path = VPNDemo;
			sourceTree = "<group>";
		};
		584C0BF01E1B866D009EDA56 /* Supporting Files */ = {
			isa = PBXGroup;
			children = (
				584C0BF11E1B866D009EDA56 /* main.m */,
			);
			name = "Supporting Files";
			sourceTree = "<group>";
		};
		584C0C191E1B8984009EDA56 /* Frameworks */ = {
			isa = PBXGroup;
			children = (
				584C0C1C1E1B898A009EDA56 /* NetworkExtension.framework */,
				584C0C1A1E1B8984009EDA56 /* Security.framework */,
			);
			name = Frameworks;
			sourceTree = "<group>";
		};
/* End PBXGroup section */

/* Begin PBXNativeTarget section */
		584C0BEC1E1B866D009EDA56 /* VPNDemo */ = {
			isa = PBXNativeTarget;
			buildConfigurationList = 584C0C041E1B866D009EDA56 /* Build configuration list for PBXNativeTarget "VPNDemo" */;
			buildPhases = (
				584C0BE91E1B866D009EDA56 /* Sources */,
				584C0BEA1E1B866D009EDA56 /* Frameworks */,
				584C0BEB1E1B866D009EDA56 /* Resources */,
			);
			buildRules = (
			);
			dependencies = (
			);
			name = VPNDemo;
			productName = VPNDemo;
			productReference = 584C0BED1E1B866D009EDA56 /* VPNDemo.app */;
			productType = "com.apple.product-type.application";
		};
/* End PBXNativeTarget section */

/* Begin PBXProject section */
		584C0BE51E1B866D009EDA56 /* Project object */ = {
			isa = PBXProject;
			attributes = {
				LastUpgradeCheck = 0820;
				ORGANIZATIONNAME = Gin;
				TargetAttributes = {
					584C0BEC1E1B866D009EDA56 = {
						CreatedOnToolsVersion = 8.2;
						ProvisioningStyle = Automatic;
					};
				};
			};
			buildConfigurationList = 584C0BE81E1B866D009EDA56 /* Build configuration list for PBXProject "VPNDemo" */;
			compatibilityVersion = "Xcode 3.2";
			developmentRegion = English;
			hasScannedForEncodings = 0;
			knownRegions = (
				en,
				Base,
			);
			mainGroup = 584C0BE41E1B866D009EDA56;
			productRefGroup = 584C0BEE1E1B866D009EDA56 /* Products */;
			projectDirPath = "";
			projectRoot = "";
			targets = (
				584C0BEC1E1B866D009EDA56 /* VPNDemo */,
			);
		};
/* End PBXProject section */

/* Begin PBXResourcesBuildPhase section */
		584C0BEB1E1B866D009EDA56 /* Resources */ = {
			isa = PBXResourcesBuildPhase;
			buildActionMask = 2147483647;
			files = (
				584C0C001E1B866D009EDA56 /* LaunchScreen.storyboard in Resources */,
				584C0BFD1E1B866D009EDA56 /* Assets.xcassets in Resources */,
				584C0BFB1E1B866D009EDA56 /* Main.storyboard in Resources */,
			);
			runOnlyForDeploymentPostprocessing = 0;
		};
/* End PBXResourcesBuildPhase section */

/* Begin PBXSourcesBuildPhase section */
		584C0BE91E1B866D009EDA56 /* Sources */ = {
			isa = PBXSourcesBuildPhase;
			buildActionMask = 2147483647;
			files = (
				584C0BF81E1B866D009EDA56 /* ViewController.m in Sources */,
				584C0C181E1B87C4009EDA56 /* VpnConnector.m in Sources */,
				584C0C151E1B86FE009EDA56 /* VpnInfo.m in Sources */,
				584C0BF51E1B866D009EDA56 /* AppDelegate.m in Sources */,
				584C0BF21E1B866D009EDA56 /* main.m in Sources */,
			);
			runOnlyForDeploymentPostprocessing = 0;
		};
/* End PBXSourcesBuildPhase section */

/* Begin PBXVariantGroup section */
		584C0BF91E1B866D009EDA56 /* Main.storyboard */ = {
			isa = PBXVariantGroup;
			children = (
				584C0BFA1E1B866D009EDA56 /* Base */,
			);
			name = Main.storyboard;
			sourceTree = "<group>";
		};
		584C0BFE1E1B866D009EDA56 /* LaunchScreen.storyboard */ = {
			isa = PBXVariantGroup;
			children = (
				584C0BFF1E1B866D009EDA56 /* Base */,
			);
			name = LaunchScreen.storyboard;
			sourceTree = "<group>";
		};
/* End PBXVariantGroup section */

/* Begin XCBuildConfiguration section */
		584C0C021E1B866D009EDA56 /* Debug */ = {
			isa = XCBuildConfiguration;
			buildSettings = {
				ALWAYS_SEARCH_USER_PATHS = NO;
				CLANG_ANALYZER_NONNULL = YES;
				CLANG_CXX_LANGUAGE_STANDARD = "gnu++0x";
				CLANG_CXX_LIBRARY = "libc++";
				CLANG_ENABLE_MODULES = YES;
				CLANG_ENABLE_OBJC_ARC = YES;
				CLANG_WARN_BOOL_CONVERSION = YES;
				CLANG_WARN_CONSTANT_CONVERSION = YES;
				CLANG_WARN_DIRECT_OBJC_ISA_USAGE = YES_ERROR;
				CLANG_WARN_DOCUMENTATION_COMMENTS = YES;
				CLANG_WARN_EMPTY_BODY = YES;
				CLANG_WARN_ENUM_CONVERSION = YES;
				CLANG_WARN_INFINITE_RECURSION = YES;
				CLANG_WARN_INT_CONVERSION = YES;
				CLANG_WARN_OBJC_ROOT_CLASS = YES_ERROR;
				CLANG_WARN_SUSPICIOUS_MOVE = YES;
				CLANG_WARN_UNREACHABLE_CODE = YES;
				CLANG_WARN__DUPLICATE_METHOD_MATCH = YES;
				"CODE_SIGN_IDENTITY[sdk=iphoneos*]" = "iPhone Developer";
				COPY_PHASE_STRIP = NO;
				DEBUG_INFORMATION_FORMAT = dwarf;
				ENABLE_STRICT_OBJC_MSGSEND = YES;
				ENABLE_TESTABILITY = YES;
				GCC_C_LANGUAGE_STANDARD = gnu99;
				GCC_DYNAMIC_NO_PIC = NO;
				GCC_NO_COMMON_BLOCKS = YES;
				GCC_OPTIMIZATION_LEVEL = 0;
				GCC_PREPROCESSOR_DEFINITIONS = (
					"DEBUG=1",
					"$(inherited)",
				);
				GCC_WARN_64_TO_32_BIT_CONVERSION = YES;
				GCC_WARN_ABOUT_RETURN_TYPE = YES_ERROR;
				GCC_WARN_UNDECLARED_SELECTOR = YES;
				GCC_WARN_UNINITIALIZED_AUTOS = YES_AGGRESSIVE;
				GCC_WARN_UNUSED_FUNCTION = YES;
				GCC_WARN_UNUSED_VARIABLE = YES;
				IPHONEOS_DEPLOYMENT_TARGET = 10.2;
				MTL_ENABLE_DEBUG_INFO = YES;
				ONLY_ACTIVE_ARCH = YES;
				SDKROOT = iphoneos;
				TARGETED_DEVICE_FAMILY = "1,2";
			};
			name = Debug;
		};
		584C0C031E1B866D009EDA56 /* Release */ = {
			isa = XCBuildConfiguration;
			buildSettings = {
				ALWAYS_SEARCH_USER_PATHS = NO;
				CLANG_ANALYZER_NONNULL = YES;
				CLANG_CXX_LANGUAGE_STANDARD = "gnu++0x";
				CLANG_CXX_LIBRARY = "libc++";
				CLANG_ENABLE_MODULES = YES;
				CLANG_ENABLE_OBJC_ARC = YES;
				CLANG_WARN_BOOL_CONVERSION = YES;
				CLANG_WARN_CONSTANT_CONVERSION = YES;
				CLANG_WARN_DIRECT_OBJC_ISA_USAGE = YES_ERROR;
				CLANG_WARN_DOCUMENTATION_COMMENTS = YES;
				CLANG_WARN_EMPTY_BODY = YES;
				CLANG_WARN_ENUM_CONVERSION = YES;
				CLANG_WARN_INFINITE_RECURSION = YES;
				CLANG_WARN_INT_CONVERSION = YES;
				CLANG_WARN_OBJC_ROOT_CLASS = YES_ERROR;
				CLANG_WARN_SUSPICIOUS_MOVE = YES;
				CLANG_WARN_UNREACHABLE_CODE = YES;
				CLANG_WARN__DUPLICATE_METHOD_MATCH = YES;
				"CODE_SIGN_IDENTITY[sdk=iphoneos*]" = "iPhone Developer";
				COPY_PHASE_STRIP = NO;
				DEBUG_INFORMATION_FORMAT = "dwarf-with-dsym";
				ENABLE_NS_ASSERTIONS = NO;
				ENABLE_STRICT_OBJC_MSGSEND = YES;
				GCC_C_LANGUAGE_STANDARD = gnu99;
				GCC_NO_COMMON_BLOCKS = YES;
				GCC_WARN_64_TO_32_BIT_CONVERSION = YES;
				GCC_WARN_ABOUT_RETURN_TYPE = YES_ERROR;
				GCC_WARN_UNDECLARED_SELECTOR = YES;
				GCC_WARN_UNINITIALIZED_AUTOS = YES_AGGRESSIVE;
				GCC_WARN_UNUSED_FUNCTION = YES;
				GCC_WARN_UNUSED_VARIABLE = YES;
				IPHONEOS_DEPLOYMENT_TARGET = 10.2;
				MTL_ENABLE_DEBUG_INFO = NO;
				SDKROOT = iphoneos;
				TARGETED_DEVICE_FAMILY = "1,2";
				VALIDATE_PRODUCT = YES;
			};
			name = Release;
		};
		584C0C051E1B866D009EDA56 /* Debug */ = {
			isa = XCBuildConfiguration;
			buildSettings = {
				ASSETCATALOG_COMPILER_APPICON_NAME = AppIcon;
				"CODE_SIGN_IDENTITY[sdk=iphoneos*]" = "iPhone Developer";
				DEVELOPMENT_TEAM = "";
				INFOPLIST_FILE = VPNDemo/Info.plist;
				IPHONEOS_DEPLOYMENT_TARGET = 8.0;
				LD_RUNPATH_SEARCH_PATHS = "$(inherited) @executable_path/Frameworks";
				PRODUCT_BUNDLE_IDENTIFIER = com.CoderGin.VPNDemo;
				PRODUCT_NAME = "$(TARGET_NAME)";
			};
			name = Debug;
		};
		584C0C061E1B866D009EDA56 /* Release */ = {
			isa = XCBuildConfiguration;
			buildSettings = {
				ASSETCATALOG_COMPILER_APPICON_NAME = AppIcon;
				"CODE_SIGN_IDENTITY[sdk=iphoneos*]" = "iPhone Developer";
				DEVELOPMENT_TEAM = "";
				INFOPLIST_FILE = VPNDemo/Info.plist;
				IPHONEOS_DEPLOYMENT_TARGET = 8.0;
				LD_RUNPATH_SEARCH_PATHS = "$(inherited) @executable_path/Frameworks";
				PRODUCT_BUNDLE_IDENTIFIER = com.CoderGin.VPNDemo;
				PRODUCT_NAME = "$(TARGET_NAME)";
			};
			name = Release;
		};
/* End XCBuildConfiguration section */

/* Begin XCConfigurationList section */
		584C0BE81E1B866D009EDA56 /* Build configuration list for PBXProject "VPNDemo" */ = {
			isa = XCConfigurationList;
			buildConfigurations = (
				584C0C021E1B866D009EDA56 /* Debug */,
				584C0C031E1B866D009EDA56 /* Release */,
			);
			defaultConfigurationIsVisible = 0;
			defaultConfigurationName = Release;
		};
		584C0C041E1B866D009EDA56 /* Build configuration list for PBXNativeTarget "VPNDemo" */ = {
			isa = XCConfigurationList;
			buildConfigurations = (
				584C0C051E1B866D009EDA56 /* Debug */,
				584C0C061E1B866D009EDA56 /* Release */,
			);
			defaultConfigurationIsVisible = 0;
		};
/* End XCConfigurationList section */
	};
	rootObject = 584C0BE51E1B866D009EDA56 /* Project object */;
}
