// !$*UTF8*$!
{
	archiveVersion = 1;
	classes = {
	};
	objectVersion = 46;
	objects = {

/* Begin PBXBuildFile section */
		781858B21CE383CC00561216 /* Localizable.strings in Resources */ = {isa = PBXBuildFile; fileRef = 781858B41CE383CC00561216 /* Localizable.strings */; };
		781858B91CE386A500561216 /* InfoPlist.strings in Resources */ = {isa = PBXBuildFile; fileRef = 781858BB1CE386A500561216 /* InfoPlist.strings */; };
		787859D31CD0A93C00D5818D /* CSScreenRecorder.m in Sources */ = {isa = PBXBuildFile; fileRef = 787859D01CD0A93C00D5818D /* CSScreenRecorder.m */; };
		787859D41CD0A93C00D5818D /* Utilities.m in Sources */ = {isa = PBXBuildFile; fileRef = 787859D21CD0A93C00D5818D /* Utilities.m */; };
		787859F41CD0CA7500D5818D /* libmp4v2.a in Frameworks */ = {isa = PBXBuildFile; fileRef = 787859F01CD0CA7500D5818D /* libmp4v2.a */; };
		787859F51CD0CA7500D5818D /* libintl.a in Frameworks */ = {isa = PBXBuildFile; fileRef = 787859F11CD0CA7500D5818D /* libintl.a */; };
		787859F61CD0CA7500D5818D /* libairplaysdk-2.a in Frameworks */ = {isa = PBXBuildFile; fileRef = 787859F21CD0CA7500D5818D /* libairplaysdk-2.a */; };
		787859F71CD0CA7500D5818D /* libairplaysdk-1.a in Frameworks */ = {isa = PBXBuildFile; fileRef = 787859F31CD0CA7500D5818D /* libairplaysdk-1.a */; };
		787859F91CD0CC0E00D5818D /* libiconv.tbd in Frameworks */ = {isa = PBXBuildFile; fileRef = 787859F81CD0CC0E00D5818D /* libiconv.tbd */; };
		787859FC1CD0CC2900D5818D /* libstdc++.6.tbd in Frameworks */ = {isa = PBXBuildFile; fileRef = 787859FA1CD0CC2900D5818D /* libstdc++.6.tbd */; };
		787859FD1CD0CC2900D5818D /* libstdc++.tbd in Frameworks */ = {isa = PBXBuildFile; fileRef = 787859FB1CD0CC2900D5818D /* libstdc++.tbd */; };
		788B2CA61CD19E1900667F89 /* IDFileManager.m in Sources */ = {isa = PBXBuildFile; fileRef = 788B2CA41CD19E1900667F89 /* IDFileManager.m */; };
		789024FC1CD04D0900BA55DC /* main.m in Sources */ = {isa = PBXBuildFile; fileRef = 789024FB1CD04D0900BA55DC /* main.m */; };
		789024FF1CD04D0900BA55DC /* AppDelegate.m in Sources */ = {isa = PBXBuildFile; fileRef = 789024FE1CD04D0900BA55DC /* AppDelegate.m */; };
		789025021CD04D0900BA55DC /* ViewController.m in Sources */ = {isa = PBXBuildFile; fileRef = 789025011CD04D0900BA55DC /* ViewController.m */; };
		789025051CD04D0900BA55DC /* Main.storyboard in Resources */ = {isa = PBXBuildFile; fileRef = 789025031CD04D0900BA55DC /* Main.storyboard */; };
		789025071CD04D0900BA55DC /* Assets.xcassets in Resources */ = {isa = PBXBuildFile; fileRef = 789025061CD04D0900BA55DC /* Assets.xcassets */; };
		7890250A1CD04D0900BA55DC /* LaunchScreen.storyboard in Resources */ = {isa = PBXBuildFile; fileRef = 789025081CD04D0900BA55DC /* LaunchScreen.storyboard */; };
		789025151CD04D0900BA55DC /* AnyScreenTests.m in Sources */ = {isa = PBXBuildFile; fileRef = 789025141CD04D0900BA55DC /* AnyScreenTests.m */; };
		789025201CD04D0A00BA55DC /* AnyScreenUITests.m in Sources */ = {isa = PBXBuildFile; fileRef = 7890251F1CD04D0A00BA55DC /* AnyScreenUITests.m */; };
		78B7860A1CE7181C00DEF740 /* FileListViewController.m in Sources */ = {isa = PBXBuildFile; fileRef = 78B786061CE7181C00DEF740 /* FileListViewController.m */; };
		78B7860B1CE7181C00DEF740 /* AVPlayerViewController.m in Sources */ = {isa = PBXBuildFile; fileRef = 78B786081CE7181C00DEF740 /* AVPlayerViewController.m */; };
		78B786121CE71B7600DEF740 /* play.png in Resources */ = {isa = PBXBuildFile; fileRef = 78B786101CE71B7600DEF740 /* play.png */; };
		78B786131CE71B7600DEF740 /* pause.png in Resources */ = {isa = PBXBuildFile; fileRef = 78B786111CE71B7600DEF740 /* pause.png */; };
		78DDE9041CE7673900A5A845 /* FileListTableViewCell.m in Sources */ = {isa = PBXBuildFile; fileRef = 78DDE9021CE7673900A5A845 /* FileListTableViewCell.m */; };
		78DDE9051CE7673900A5A845 /* FileListTableViewCell.xib in Resources */ = {isa = PBXBuildFile; fileRef = 78DDE9031CE7673900A5A845 /* FileListTableViewCell.xib */; };
/* End PBXBuildFile section */

/* Begin PBXContainerItemProxy section */
		789025111CD04D0900BA55DC /* PBXContainerItemProxy */ = {
			isa = PBXContainerItemProxy;
			containerPortal = 789024EF1CD04D0900BA55DC /* Project object */;
			proxyType = 1;
			remoteGlobalIDString = 789024F61CD04D0900BA55DC;
			remoteInfo = AnyScreen;
		};
		7890251C1CD04D0900BA55DC /* PBXContainerItemProxy */ = {
			isa = PBXContainerItemProxy;
			containerPortal = 789024EF1CD04D0900BA55DC /* Project object */;
			proxyType = 1;
			remoteGlobalIDString = 789024F61CD04D0900BA55DC;
			remoteInfo = AnyScreen;
		};
/* End PBXContainerItemProxy section */

/* Begin PBXFileReference section */
		781858AE1CE3836B00561216 /* zh-Hans */ = {isa = PBXFileReference; lastKnownFileType = text.plist.strings; name = "zh-Hans"; path = "zh-Hans.lproj/Main.strings"; sourceTree = "<group>"; };
		781858AF1CE3836B00561216 /* zh-Hans */ = {isa = PBXFileReference; lastKnownFileType = text.plist.strings; name = "zh-Hans"; path = "zh-Hans.lproj/LaunchScreen.strings"; sourceTree = "<group>"; };
		781858B31CE383CC00561216 /* Base */ = {isa = PBXFileReference; lastKnownFileType = text.plist.strings; name = Base; path = Base.lproj/Localizable.strings; sourceTree = "<group>"; };
		781858B51CE383CE00561216 /* en */ = {isa = PBXFileReference; lastKnownFileType = text.plist.strings; name = en; path = en.lproj/Localizable.strings; sourceTree = "<group>"; };
		781858B61CE383CF00561216 /* zh-Hans */ = {isa = PBXFileReference; lastKnownFileType = text.plist.strings; name = "zh-Hans"; path = "zh-Hans.lproj/Localizable.strings"; sourceTree = "<group>"; };
		781858BA1CE386A500561216 /* Base */ = {isa = PBXFileReference; lastKnownFileType = text.plist.strings; name = Base; path = Base.lproj/InfoPlist.strings; sourceTree = "<group>"; };
		781858BC1CE386A600561216 /* en */ = {isa = PBXFileReference; lastKnownFileType = text.plist.strings; name = en; path = en.lproj/InfoPlist.strings; sourceTree = "<group>"; };
		781858BD1CE386A900561216 /* zh-Hans */ = {isa = PBXFileReference; lastKnownFileType = text.plist.strings; name = "zh-Hans"; path = "zh-Hans.lproj/InfoPlist.strings"; sourceTree = "<group>"; };
		787859CF1CD0A93C00D5818D /* CSScreenRecorder.h */ = {isa = PBXFileReference; fileEncoding = 4; lastKnownFileType = sourcecode.c.h; path = CSScreenRecorder.h; sourceTree = "<group>"; };
		787859D01CD0A93C00D5818D /* CSScreenRecorder.m */ = {isa = PBXFileReference; fileEncoding = 4; lastKnownFileType = sourcecode.c.objc; path = CSScreenRecorder.m; sourceTree = "<group>"; };
		787859D11CD0A93C00D5818D /* Utilities.h */ = {isa = PBXFileReference; fileEncoding = 4; lastKnownFileType = sourcecode.c.h; path = Utilities.h; sourceTree = "<group>"; };
		787859D21CD0A93C00D5818D /* Utilities.m */ = {isa = PBXFileReference; fileEncoding = 4; lastKnownFileType = sourcecode.c.objc; path = Utilities.m; sourceTree = "<group>"; };
		787859F01CD0CA7500D5818D /* libmp4v2.a */ = {isa = PBXFileReference; lastKnownFileType = archive.ar; name = libmp4v2.a; path = AnyScreen/fat/lib/libmp4v2.a; sourceTree = "<group>"; };
		787859F11CD0CA7500D5818D /* libintl.a */ = {isa = PBXFileReference; lastKnownFileType = archive.ar; name = libintl.a; path = AnyScreen/fat/lib/libintl.a; sourceTree = "<group>"; };
		787859F21CD0CA7500D5818D /* libairplaysdk-2.a */ = {isa = PBXFileReference; lastKnownFileType = archive.ar; name = "libairplaysdk-2.a"; path = "AnyScreen/fat/lib/libairplaysdk-2.a"; sourceTree = "<group>"; };
		787859F31CD0CA7500D5818D /* libairplaysdk-1.a */ = {isa = PBXFileReference; lastKnownFileType = archive.ar; name = "libairplaysdk-1.a"; path = "AnyScreen/fat/lib/libairplaysdk-1.a"; sourceTree = "<group>"; };
		787859F81CD0CC0E00D5818D /* libiconv.tbd */ = {isa = PBXFileReference; lastKnownFileType = "sourcecode.text-based-dylib-definition"; name = libiconv.tbd; path = usr/lib/libiconv.tbd; sourceTree = SDKROOT; };
		787859FA1CD0CC2900D5818D /* libstdc++.6.tbd */ = {isa = PBXFileReference; lastKnownFileType = "sourcecode.text-based-dylib-definition"; name = "libstdc++.6.tbd"; path = "usr/lib/libstdc++.6.tbd"; sourceTree = SDKROOT; };
		787859FB1CD0CC2900D5818D /* libstdc++.tbd */ = {isa = PBXFileReference; lastKnownFileType = "sourcecode.text-based-dylib-definition"; name = "libstdc++.tbd"; path = "usr/lib/libstdc++.tbd"; sourceTree = SDKROOT; };
		788B2CA41CD19E1900667F89 /* IDFileManager.m */ = {isa = PBXFileReference; fileEncoding = 4; lastKnownFileType = sourcecode.c.objc; name = IDFileManager.m; path = AirPlay/IDFileManager.m; sourceTree = "<group>"; };
		788B2CA51CD19E1900667F89 /* IDFileManager.h */ = {isa = PBXFileReference; fileEncoding = 4; lastKnownFileType = sourcecode.c.h; name = IDFileManager.h; path = AirPlay/IDFileManager.h; sourceTree = "<group>"; };
		789024F71CD04D0900BA55DC /* AnyScreen.app */ = {isa = PBXFileReference; explicitFileType = wrapper.application; includeInIndex = 0; path = AnyScreen.app; sourceTree = BUILT_PRODUCTS_DIR; };
		789024FB1CD04D0900BA55DC /* main.m */ = {isa = PBXFileReference; lastKnownFileType = sourcecode.c.objc; path = main.m; sourceTree = "<group>"; };
		789024FD1CD04D0900BA55DC /* AppDelegate.h */ = {isa = PBXFileReference; lastKnownFileType = sourcecode.c.h; path = AppDelegate.h; sourceTree = "<group>"; };
		789024FE1CD04D0900BA55DC /* AppDelegate.m */ = {isa = PBXFileReference; lastKnownFileType = sourcecode.c.objc; path = AppDelegate.m; sourceTree = "<group>"; };
		789025001CD04D0900BA55DC /* ViewController.h */ = {isa = PBXFileReference; lastKnownFileType = sourcecode.c.h; path = ViewController.h; sourceTree = "<group>"; };
		789025011CD04D0900BA55DC /* ViewController.m */ = {isa = PBXFileReference; lastKnownFileType = sourcecode.c.objc; path = ViewController.m; sourceTree = "<group>"; };
		789025041CD04D0900BA55DC /* Base */ = {isa = PBXFileReference; lastKnownFileType = file.storyboard; name = Base; path = Base.lproj/Main.storyboard; sourceTree = "<group>"; };
		789025061CD04D0900BA55DC /* Assets.xcassets */ = {isa = PBXFileReference; lastKnownFileType = folder.assetcatalog; path = Assets.xcassets; sourceTree = "<group>"; };
		789025091CD04D0900BA55DC /* Base */ = {isa = PBXFileReference; lastKnownFileType = file.storyboard; name = Base; path = Base.lproj/LaunchScreen.storyboard; sourceTree = "<group>"; };
		7890250B1CD04D0900BA55DC /* Info.plist */ = {isa = PBXFileReference; lastKnownFileType = text.plist.xml; path = Info.plist; sourceTree = "<group>"; };
		789025101CD04D0900BA55DC /* AnyScreenTests.xctest */ = {isa = PBXFileReference; explicitFileType = wrapper.cfbundle; includeInIndex = 0; path = AnyScreenTests.xctest; sourceTree = BUILT_PRODUCTS_DIR; };
		789025141CD04D0900BA55DC /* AnyScreenTests.m */ = {isa = PBXFileReference; lastKnownFileType = sourcecode.c.objc; path = AnyScreenTests.m; sourceTree = "<group>"; };
		789025161CD04D0900BA55DC /* Info.plist */ = {isa = PBXFileReference; lastKnownFileType = text.plist.xml; path = Info.plist; sourceTree = "<group>"; };
		7890251B1CD04D0900BA55DC /* AnyScreenUITests.xctest */ = {isa = PBXFileReference; explicitFileType = wrapper.cfbundle; includeInIndex = 0; path = AnyScreenUITests.xctest; sourceTree = BUILT_PRODUCTS_DIR; };
		7890251F1CD04D0A00BA55DC /* AnyScreenUITests.m */ = {isa = PBXFileReference; lastKnownFileType = sourcecode.c.objc; path = AnyScreenUITests.m; sourceTree = "<group>"; };
		789025211CD04D0A00BA55DC /* Info.plist */ = {isa = PBXFileReference; lastKnownFileType = text.plist.xml; path = Info.plist; sourceTree = "<group>"; };
		78B786061CE7181C00DEF740 /* FileListViewController.m */ = {isa = PBXFileReference; fileEncoding = 4; lastKnownFileType = sourcecode.c.objc; name = FileListViewController.m; path = playback/FileListViewController.m; sourceTree = "<group>"; };
		78B786071CE7181C00DEF740 /* FileListViewController.h */ = {isa = PBXFileReference; fileEncoding = 4; lastKnownFileType = sourcecode.c.h; name = FileListViewController.h; path = playback/FileListViewController.h; sourceTree = "<group>"; };
		78B786081CE7181C00DEF740 /* AVPlayerViewController.m */ = {isa = PBXFileReference; fileEncoding = 4; lastKnownFileType = sourcecode.c.objc; name = AVPlayerViewController.m; path = playback/AVPlayerViewController.m; sourceTree = "<group>"; };
		78B786091CE7181C00DEF740 /* AVPlayerViewController.h */ = {isa = PBXFileReference; fileEncoding = 4; lastKnownFileType = sourcecode.c.h; name = AVPlayerViewController.h; path = playback/AVPlayerViewController.h; sourceTree = "<group>"; };
		78B786101CE71B7600DEF740 /* play.png */ = {isa = PBXFileReference; lastKnownFileType = image.png; name = play.png; path = resource/play.png; sourceTree = "<group>"; };
		78B786111CE71B7600DEF740 /* pause.png */ = {isa = PBXFileReference; lastKnownFileType = image.png; name = pause.png; path = resource/pause.png; sourceTree = "<group>"; };
		78DDE9011CE7673900A5A845 /* FileListTableViewCell.h */ = {isa = PBXFileReference; fileEncoding = 4; lastKnownFileType = sourcecode.c.h; path = FileListTableViewCell.h; sourceTree = "<group>"; };
		78DDE9021CE7673900A5A845 /* FileListTableViewCell.m */ = {isa = PBXFileReference; fileEncoding = 4; lastKnownFileType = sourcecode.c.objc; path = FileListTableViewCell.m; sourceTree = "<group>"; };
		78DDE9031CE7673900A5A845 /* FileListTableViewCell.xib */ = {isa = PBXFileReference; fileEncoding = 4; lastKnownFileType = file.xib; path = FileListTableViewCell.xib; sourceTree = "<group>"; };
		A475CF851FA17261008211EE /* PrefixHeader.pch */ = {isa = PBXFileReference; lastKnownFileType = sourcecode.c.h; path = PrefixHeader.pch; sourceTree = "<group>"; };
/* End PBXFileReference section */

/* Begin PBXFrameworksBuildPhase section */
		789024F41CD04D0900BA55DC /* Frameworks */ = {
			isa = PBXFrameworksBuildPhase;
			buildActionMask = 2147483647;
			files = (
				787859FC1CD0CC2900D5818D /* libstdc++.6.tbd in Frameworks */,
				787859FD1CD0CC2900D5818D /* libstdc++.tbd in Frameworks */,
				787859F91CD0CC0E00D5818D /* libiconv.tbd in Frameworks */,
				787859F41CD0CA7500D5818D /* libmp4v2.a in Frameworks */,
				787859F51CD0CA7500D5818D /* libintl.a in Frameworks */,
				787859F61CD0CA7500D5818D /* libairplaysdk-2.a in Frameworks */,
				787859F71CD0CA7500D5818D /* libairplaysdk-1.a in Frameworks */,
			);
			runOnlyForDeploymentPostprocessing = 0;
		};
		7890250D1CD04D0900BA55DC /* Frameworks */ = {
			isa = PBXFrameworksBuildPhase;
			buildActionMask = 2147483647;
			files = (
			);
			runOnlyForDeploymentPostprocessing = 0;
		};
		789025181CD04D0900BA55DC /* Frameworks */ = {
			isa = PBXFrameworksBuildPhase;
			buildActionMask = 2147483647;
			files = (
			);
			runOnlyForDeploymentPostprocessing = 0;
		};
/* End PBXFrameworksBuildPhase section */

/* Begin PBXGroup section */
		7865B0EF1CDC67F700892571 /* resources */ = {
			isa = PBXGroup;
			children = (
				78B786101CE71B7600DEF740 /* play.png */,
				78B786111CE71B7600DEF740 /* pause.png */,
				781858B41CE383CC00561216 /* Localizable.strings */,
				781858BB1CE386A500561216 /* InfoPlist.strings */,
			);
			name = resources;
			sourceTree = "<group>";
		};
		787859CE1CD0A93C00D5818D /* AirPlay */ = {
			isa = PBXGroup;
			children = (
				787859CF1CD0A93C00D5818D /* CSScreenRecorder.h */,
				787859D01CD0A93C00D5818D /* CSScreenRecorder.m */,
				787859D11CD0A93C00D5818D /* Utilities.h */,
				787859D21CD0A93C00D5818D /* Utilities.m */,
			);
			path = AirPlay;
			sourceTree = "<group>";
		};
		7889D30A1CD0D745006B0204 /* lib */ = {
			isa = PBXGroup;
			children = (
				787859FA1CD0CC2900D5818D /* libstdc++.6.tbd */,
				787859FB1CD0CC2900D5818D /* libstdc++.tbd */,
				787859F81CD0CC0E00D5818D /* libiconv.tbd */,
				787859F01CD0CA7500D5818D /* libmp4v2.a */,
				787859F11CD0CA7500D5818D /* libintl.a */,
				787859F21CD0CA7500D5818D /* libairplaysdk-2.a */,
				787859F31CD0CA7500D5818D /* libairplaysdk-1.a */,
			);
			name = lib;
			path = ..;
			sourceTree = "<group>";
		};
		789024EE1CD04D0900BA55DC = {
			isa = PBXGroup;
			children = (
				789024F91CD04D0900BA55DC /* AnyScreen */,
				789025131CD04D0900BA55DC /* AnyScreenTests */,
				7890251E1CD04D0A00BA55DC /* AnyScreenUITests */,
				789024F81CD04D0900BA55DC /* Products */,
			);
			sourceTree = "<group>";
		};
		789024F81CD04D0900BA55DC /* Products */ = {
			isa = PBXGroup;
			children = (
				789024F71CD04D0900BA55DC /* AnyScreen.app */,
				789025101CD04D0900BA55DC /* AnyScreenTests.xctest */,
				7890251B1CD04D0900BA55DC /* AnyScreenUITests.xctest */,
			);
			name = Products;
			sourceTree = "<group>";
		};
		789024F91CD04D0900BA55DC /* AnyScreen */ = {
			isa = PBXGroup;
			children = (
				789BA9921CE62308008F580A /* FileManage */,
				789BA98E1CE62167008F580A /* playback */,
				7865B0EF1CDC67F700892571 /* resources */,
				7889D30A1CD0D745006B0204 /* lib */,
				787859CE1CD0A93C00D5818D /* AirPlay */,
				789024FD1CD04D0900BA55DC /* AppDelegate.h */,
				789024FE1CD04D0900BA55DC /* AppDelegate.m */,
				789025001CD04D0900BA55DC /* ViewController.h */,
				789025011CD04D0900BA55DC /* ViewController.m */,
				A475CF851FA17261008211EE /* PrefixHeader.pch */,
				789025031CD04D0900BA55DC /* Main.storyboard */,
				789025061CD04D0900BA55DC /* Assets.xcassets */,
				789025081CD04D0900BA55DC /* LaunchScreen.storyboard */,
				7890250B1CD04D0900BA55DC /* Info.plist */,
				789024FA1CD04D0900BA55DC /* Supporting Files */,
			);
			path = AnyScreen;
			sourceTree = "<group>";
		};
		789024FA1CD04D0900BA55DC /* Supporting Files */ = {
			isa = PBXGroup;
			children = (
				789024FB1CD04D0900BA55DC /* main.m */,
			);
			name = "Supporting Files";
			sourceTree = "<group>";
		};
		789025131CD04D0900BA55DC /* AnyScreenTests */ = {
			isa = PBXGroup;
			children = (
				789025141CD04D0900BA55DC /* AnyScreenTests.m */,
				789025161CD04D0900BA55DC /* Info.plist */,
			);
			path = AnyScreenTests;
			sourceTree = "<group>";
		};
		7890251E1CD04D0A00BA55DC /* AnyScreenUITests */ = {
			isa = PBXGroup;
			children = (
				7890251F1CD04D0A00BA55DC /* AnyScreenUITests.m */,
				789025211CD04D0A00BA55DC /* Info.plist */,
			);
			path = AnyScreenUITests;
			sourceTree = "<group>";
		};
		789BA98E1CE62167008F580A /* playback */ = {
			isa = PBXGroup;
			children = (
				78B786071CE7181C00DEF740 /* FileListViewController.h */,
				78B786061CE7181C00DEF740 /* FileListViewController.m */,
				78B786091CE7181C00DEF740 /* AVPlayerViewController.h */,
				78B786081CE7181C00DEF740 /* AVPlayerViewController.m */,
				78DDE9011CE7673900A5A845 /* FileListTableViewCell.h */,
				78DDE9021CE7673900A5A845 /* FileListTableViewCell.m */,
				78DDE9031CE7673900A5A845 /* FileListTableViewCell.xib */,
			);
			name = playback;
			sourceTree = "<group>";
		};
		789BA9921CE62308008F580A /* FileManage */ = {
			isa = PBXGroup;
			children = (
				788B2CA51CD19E1900667F89 /* IDFileManager.h */,
				788B2CA41CD19E1900667F89 /* IDFileManager.m */,
			);
			name = FileManage;
			sourceTree = "<group>";
		};
/* End PBXGroup section */

/* Begin PBXNativeTarget section */
		789024F61CD04D0900BA55DC /* AnyScreen */ = {
			isa = PBXNativeTarget;
			buildConfigurationList = 789025241CD04D0A00BA55DC /* Build configuration list for PBXNativeTarget "AnyScreen" */;
			buildPhases = (
				789024F31CD04D0900BA55DC /* Sources */,
				789024F41CD04D0900BA55DC /* Frameworks */,
				789024F51CD04D0900BA55DC /* Resources */,
			);
			buildRules = (
			);
			dependencies = (
			);
			name = AnyScreen;
			productName = AnyScreen;
			productReference = 789024F71CD04D0900BA55DC /* AnyScreen.app */;
			productType = "com.apple.product-type.application";
		};
		7890250F1CD04D0900BA55DC /* AnyScreenTests */ = {
			isa = PBXNativeTarget;
			buildConfigurationList = 789025271CD04D0A00BA55DC /* Build configuration list for PBXNativeTarget "AnyScreenTests" */;
			buildPhases = (
				7890250C1CD04D0900BA55DC /* Sources */,
				7890250D1CD04D0900BA55DC /* Frameworks */,
				7890250E1CD04D0900BA55DC /* Resources */,
			);
			buildRules = (
			);
			dependencies = (
				789025121CD04D0900BA55DC /* PBXTargetDependency */,
			);
			name = AnyScreenTests;
			productName = AnyScreenTests;
			productReference = 789025101CD04D0900BA55DC /* AnyScreenTests.xctest */;
			productType = "com.apple.product-type.bundle.unit-test";
		};
		7890251A1CD04D0900BA55DC /* AnyScreenUITests */ = {
			isa = PBXNativeTarget;
			buildConfigurationList = 7890252A1CD04D0A00BA55DC /* Build configuration list for PBXNativeTarget "AnyScreenUITests" */;
			buildPhases = (
				789025171CD04D0900BA55DC /* Sources */,
				789025181CD04D0900BA55DC /* Frameworks */,
				789025191CD04D0900BA55DC /* Resources */,
			);
			buildRules = (
			);
			dependencies = (
				7890251D1CD04D0900BA55DC /* PBXTargetDependency */,
			);
			name = AnyScreenUITests;
			productName = AnyScreenUITests;
			productReference = 7890251B1CD04D0900BA55DC /* AnyScreenUITests.xctest */;
			productType = "com.apple.product-type.bundle.ui-testing";
		};
/* End PBXNativeTarget section */

/* Begin PBXProject section */
		789024EF1CD04D0900BA55DC /* Project object */ = {
			isa = PBXProject;
			attributes = {
				LastUpgradeCheck = 0720;
				ORGANIZATIONNAME = xindawn;
				TargetAttributes = {
					789024F61CD04D0900BA55DC = {
						CreatedOnToolsVersion = 7.2;
						DevelopmentTeam = PR3484TW5B;
						ProvisioningStyle = Manual;
					};
					7890250F1CD04D0900BA55DC = {
						CreatedOnToolsVersion = 7.2;
						TestTargetID = 789024F61CD04D0900BA55DC;
					};
					7890251A1CD04D0900BA55DC = {
						CreatedOnToolsVersion = 7.2;
						TestTargetID = 789024F61CD04D0900BA55DC;
					};
				};
			};
			buildConfigurationList = 789024F21CD04D0900BA55DC /* Build configuration list for PBXProject "AnyScreen" */;
			compatibilityVersion = "Xcode 3.2";
			developmentRegion = English;
			hasScannedForEncodings = 0;
			knownRegions = (
				en,
				Base,
				"zh-Hans",
			);
			mainGroup = 789024EE1CD04D0900BA55DC;
			productRefGroup = 789024F81CD04D0900BA55DC /* Products */;
			projectDirPath = "";
			projectRoot = "";
			targets = (
				789024F61CD04D0900BA55DC /* AnyScreen */,
				7890250F1CD04D0900BA55DC /* AnyScreenTests */,
				7890251A1CD04D0900BA55DC /* AnyScreenUITests */,
			);
		};
/* End PBXProject section */

/* Begin PBXResourcesBuildPhase section */
		789024F51CD04D0900BA55DC /* Resources */ = {
			isa = PBXResourcesBuildPhase;
			buildActionMask = 2147483647;
			files = (
				781858B91CE386A500561216 /* InfoPlist.strings in Resources */,
				78DDE9051CE7673900A5A845 /* FileListTableViewCell.xib in Resources */,
				781858B21CE383CC00561216 /* Localizable.strings in Resources */,
				7890250A1CD04D0900BA55DC /* LaunchScreen.storyboard in Resources */,
				78B786131CE71B7600DEF740 /* pause.png in Resources */,
				789025071CD04D0900BA55DC /* Assets.xcassets in Resources */,
				789025051CD04D0900BA55DC /* Main.storyboard in Resources */,
				78B786121CE71B7600DEF740 /* play.png in Resources */,
			);
			runOnlyForDeploymentPostprocessing = 0;
		};
		7890250E1CD04D0900BA55DC /* Resources */ = {
			isa = PBXResourcesBuildPhase;
			buildActionMask = 2147483647;
			files = (
			);
			runOnlyForDeploymentPostprocessing = 0;
		};
		789025191CD04D0900BA55DC /* Resources */ = {
			isa = PBXResourcesBuildPhase;
			buildActionMask = 2147483647;
			files = (
			);
			runOnlyForDeploymentPostprocessing = 0;
		};
/* End PBXResourcesBuildPhase section */

/* Begin PBXSourcesBuildPhase section */
		789024F31CD04D0900BA55DC /* Sources */ = {
			isa = PBXSourcesBuildPhase;
			buildActionMask = 2147483647;
			files = (
				78B7860A1CE7181C00DEF740 /* FileListViewController.m in Sources */,
				78DDE9041CE7673900A5A845 /* FileListTableViewCell.m in Sources */,
				789025021CD04D0900BA55DC /* ViewController.m in Sources */,
				787859D31CD0A93C00D5818D /* CSScreenRecorder.m in Sources */,
				788B2CA61CD19E1900667F89 /* IDFileManager.m in Sources */,
				789024FF1CD04D0900BA55DC /* AppDelegate.m in Sources */,
				789024FC1CD04D0900BA55DC /* main.m in Sources */,
				78B7860B1CE7181C00DEF740 /* AVPlayerViewController.m in Sources */,
				787859D41CD0A93C00D5818D /* Utilities.m in Sources */,
			);
			runOnlyForDeploymentPostprocessing = 0;
		};
		7890250C1CD04D0900BA55DC /* Sources */ = {
			isa = PBXSourcesBuildPhase;
			buildActionMask = 2147483647;
			files = (
				789025151CD04D0900BA55DC /* AnyScreenTests.m in Sources */,
			);
			runOnlyForDeploymentPostprocessing = 0;
		};
		789025171CD04D0900BA55DC /* Sources */ = {
			isa = PBXSourcesBuildPhase;
			buildActionMask = 2147483647;
			files = (
				789025201CD04D0A00BA55DC /* AnyScreenUITests.m in Sources */,
			);
			runOnlyForDeploymentPostprocessing = 0;
		};
/* End PBXSourcesBuildPhase section */

/* Begin PBXTargetDependency section */
		789025121CD04D0900BA55DC /* PBXTargetDependency */ = {
			isa = PBXTargetDependency;
			target = 789024F61CD04D0900BA55DC /* AnyScreen */;
			targetProxy = 789025111CD04D0900BA55DC /* PBXContainerItemProxy */;
		};
		7890251D1CD04D0900BA55DC /* PBXTargetDependency */ = {
			isa = PBXTargetDependency;
			target = 789024F61CD04D0900BA55DC /* AnyScreen */;
			targetProxy = 7890251C1CD04D0900BA55DC /* PBXContainerItemProxy */;
		};
/* End PBXTargetDependency section */

/* Begin PBXVariantGroup section */
		781858B41CE383CC00561216 /* Localizable.strings */ = {
			isa = PBXVariantGroup;
			children = (
				781858B31CE383CC00561216 /* Base */,
				781858B51CE383CE00561216 /* en */,
				781858B61CE383CF00561216 /* zh-Hans */,
			);
			name = Localizable.strings;
			sourceTree = "<group>";
		};
		781858BB1CE386A500561216 /* InfoPlist.strings */ = {
			isa = PBXVariantGroup;
			children = (
				781858BA1CE386A500561216 /* Base */,
				781858BC1CE386A600561216 /* en */,
				781858BD1CE386A900561216 /* zh-Hans */,
			);
			name = InfoPlist.strings;
			sourceTree = "<group>";
		};
		789025031CD04D0900BA55DC /* Main.storyboard */ = {
			isa = PBXVariantGroup;
			children = (
				789025041CD04D0900BA55DC /* Base */,
				781858AE1CE3836B00561216 /* zh-Hans */,
			);
			name = Main.storyboard;
			sourceTree = "<group>";
		};
		789025081CD04D0900BA55DC /* LaunchScreen.storyboard */ = {
			isa = PBXVariantGroup;
			children = (
				789025091CD04D0900BA55DC /* Base */,
				781858AF1CE3836B00561216 /* zh-Hans */,
			);
			name = LaunchScreen.storyboard;
			sourceTree = "<group>";
		};
/* End PBXVariantGroup section */

/* Begin XCBuildConfiguration section */
		789025221CD04D0A00BA55DC /* Debug */ = {
			isa = XCBuildConfiguration;
			buildSettings = {
				ALWAYS_SEARCH_USER_PATHS = NO;
				ARCHS = (
					armv7,
					arm64,
					i386,
					x86_64,
				);
				CLANG_CXX_LANGUAGE_STANDARD = "gnu++0x";
				CLANG_CXX_LIBRARY = "libc++";
				CLANG_ENABLE_MODULES = YES;
				CLANG_ENABLE_OBJC_ARC = YES;
				CLANG_WARN_BOOL_CONVERSION = YES;
				CLANG_WARN_CONSTANT_CONVERSION = YES;
				CLANG_WARN_DIRECT_OBJC_ISA_USAGE = YES_ERROR;
				CLANG_WARN_EMPTY_BODY = YES;
				CLANG_WARN_ENUM_CONVERSION = YES;
				CLANG_WARN_INT_CONVERSION = YES;
				CLANG_WARN_OBJC_ROOT_CLASS = YES_ERROR;
				CLANG_WARN_UNREACHABLE_CODE = YES;
				CLANG_WARN__DUPLICATE_METHOD_MATCH = YES;
				"CODE_SIGN_IDENTITY[sdk=iphoneos*]" = "iPhone Developer";
				COPY_PHASE_STRIP = NO;
				DEBUG_INFORMATION_FORMAT = dwarf;
				ENABLE_STRICT_OBJC_MSGSEND = YES;
				ENABLE_TESTABILITY = YES;
				GCC_C_LANGUAGE_STANDARD = gnu99;
				GCC_DYNAMIC_NO_PIC = NO;
				GCC_NO_COMMON_BLOCKS = YES;
				GCC_OPTIMIZATION_LEVEL = 0;
				GCC_PREPROCESSOR_DEFINITIONS = (
					"DEBUG=1",
					"$(inherited)",
				);
				GCC_WARN_64_TO_32_BIT_CONVERSION = YES;
				GCC_WARN_ABOUT_RETURN_TYPE = YES_ERROR;
				GCC_WARN_UNDECLARED_SELECTOR = YES;
				GCC_WARN_UNINITIALIZED_AUTOS = YES_AGGRESSIVE;
				GCC_WARN_UNUSED_FUNCTION = YES;
				GCC_WARN_UNUSED_VARIABLE = YES;
				IPHONEOS_DEPLOYMENT_TARGET = 8.0;
				MTL_ENABLE_DEBUG_INFO = YES;
				ONLY_ACTIVE_ARCH = YES;
				SDKROOT = iphoneos;
				TARGETED_DEVICE_FAMILY = "1,2";
				VALID_ARCHS = "armv7 arm64 i386 x86_64";
			};
			name = Debug;
		};
		789025231CD04D0A00BA55DC /* Release */ = {
			isa = XCBuildConfiguration;
			buildSettings = {
				ALWAYS_SEARCH_USER_PATHS = NO;
				ARCHS = (
					armv7,
					arm64,
					i386,
					x86_64,
				);
				CLANG_CXX_LANGUAGE_STANDARD = "gnu++0x";
				CLANG_CXX_LIBRARY = "libc++";
				CLANG_ENABLE_MODULES = YES;
				CLANG_ENABLE_OBJC_ARC = YES;
				CLANG_WARN_BOOL_CONVERSION = YES;
				CLANG_WARN_CONSTANT_CONVERSION = YES;
				CLANG_WARN_DIRECT_OBJC_ISA_USAGE = YES_ERROR;
				CLANG_WARN_EMPTY_BODY = YES;
				CLANG_WARN_ENUM_CONVERSION = YES;
				CLANG_WARN_INT_CONVERSION = YES;
				CLANG_WARN_OBJC_ROOT_CLASS = YES_ERROR;
				CLANG_WARN_UNREACHABLE_CODE = YES;
				CLANG_WARN__DUPLICATE_METHOD_MATCH = YES;
				"CODE_SIGN_IDENTITY[sdk=iphoneos*]" = "iPhone Developer";
				COPY_PHASE_STRIP = NO;
				DEBUG_INFORMATION_FORMAT = "dwarf-with-dsym";
				ENABLE_NS_ASSERTIONS = NO;
				ENABLE_STRICT_OBJC_MSGSEND = YES;
				GCC_C_LANGUAGE_STANDARD = gnu99;
				GCC_NO_COMMON_BLOCKS = YES;
				GCC_WARN_64_TO_32_BIT_CONVERSION = YES;
				GCC_WARN_ABOUT_RETURN_TYPE = YES_ERROR;
				GCC_WARN_UNDECLARED_SELECTOR = YES;
				GCC_WARN_UNINITIALIZED_AUTOS = YES_AGGRESSIVE;
				GCC_WARN_UNUSED_FUNCTION = YES;
				GCC_WARN_UNUSED_VARIABLE = YES;
				IPHONEOS_DEPLOYMENT_TARGET = 8.0;
				MTL_ENABLE_DEBUG_INFO = NO;
				ONLY_ACTIVE_ARCH = YES;
				SDKROOT = iphoneos;
				TARGETED_DEVICE_FAMILY = "1,2";
				VALIDATE_PRODUCT = YES;
				VALID_ARCHS = "armv7 arm64 i386 x86_64";
			};
			name = Release;
		};
		789025251CD04D0A00BA55DC /* Debug */ = {
			isa = XCBuildConfiguration;
			buildSettings = {
				ARCHS = (
					armv7,
					arm64,
				);
				ASSETCATALOG_COMPILER_APPICON_NAME = AppIcon;
				CODE_SIGN_IDENTITY = "iPhone Developer";
				"CODE_SIGN_IDENTITY[sdk=iphoneos*]" = "iPhone Developer";
				CODE_SIGN_STYLE = Manual;
				DEVELOPMENT_TEAM = PR3484TW5B;
				ENABLE_BITCODE = NO;
				GCC_PREFIX_HEADER = AnyScreen/PrefixHeader.pch;
				HEADER_SEARCH_PATHS = "$(PROJECT_DIR)/AnyScreen/fat/include";
				INFOPLIST_FILE = AnyScreen/Info.plist;
				IPHONEOS_DEPLOYMENT_TARGET = 8.0;
				LD_RUNPATH_SEARCH_PATHS = "$(inherited) @executable_path/Frameworks";
				LIBRARY_SEARCH_PATHS = (
					"$(inherited)",
					"$(PROJECT_DIR)/AnyScreen/fat/lib",
				);
				PRODUCT_BUNDLE_IDENTIFIER = cn.cltx.mobile.LinOS;
				PRODUCT_NAME = "$(TARGET_NAME)";
				PROVISIONING_PROFILE = "6d688e3c-4e7f-459e-9bce-dfe5ef5c9b2a";
				PROVISIONING_PROFILE_SPECIFIER = LinOS_Development;
				VALID_ARCHS = "armv7 arm64";
			};
			name = Debug;
		};
		789025261CD04D0A00BA55DC /* Release */ = {
			isa = XCBuildConfiguration;
			buildSettings = {
				ARCHS = (
					armv7,
					arm64,
				);
				ASSETCATALOG_COMPILER_APPICON_NAME = AppIcon;
				CODE_SIGN_IDENTITY = "iPhone Developer";
				"CODE_SIGN_IDENTITY[sdk=iphoneos*]" = "iPhone Developer";
				CODE_SIGN_STYLE = Manual;
				DEVELOPMENT_TEAM = "";
				ENABLE_BITCODE = NO;
				GCC_PREFIX_HEADER = AnyScreen/PrefixHeader.pch;
				HEADER_SEARCH_PATHS = "$(PROJECT_DIR)/AnyScreen/fat/include";
				INFOPLIST_FILE = AnyScreen/Info.plist;
				IPHONEOS_DEPLOYMENT_TARGET = 8.0;
				LD_RUNPATH_SEARCH_PATHS = "$(inherited) @executable_path/Frameworks";
				LIBRARY_SEARCH_PATHS = (
					"$(inherited)",
					"$(PROJECT_DIR)/AnyScreen/fat/lib",
				);
				PRODUCT_BUNDLE_IDENTIFIER = cn.cltx.mobile.LinOS;
				PRODUCT_NAME = "$(TARGET_NAME)";
				PROVISIONING_PROFILE = "";
				PROVISIONING_PROFILE_SPECIFIER = "";
				VALID_ARCHS = "armv7 arm64";
			};
			name = Release;
		};
		789025281CD04D0A00BA55DC /* Debug */ = {
			isa = XCBuildConfiguration;
			buildSettings = {
				BUNDLE_LOADER = "$(TEST_HOST)";
				INFOPLIST_FILE = AnyScreenTests/Info.plist;
				LD_RUNPATH_SEARCH_PATHS = "$(inherited) @executable_path/Frameworks @loader_path/Frameworks";
				PRODUCT_BUNDLE_IDENTIFIER = xindawn.com.AnyScreenTests;
				PRODUCT_NAME = "$(TARGET_NAME)";
				TEST_HOST = "$(BUILT_PRODUCTS_DIR)/AnyScreen.app/AnyScreen";
			};
			name = Debug;
		};
		789025291CD04D0A00BA55DC /* Release */ = {
			isa = XCBuildConfiguration;
			buildSettings = {
				BUNDLE_LOADER = "$(TEST_HOST)";
				INFOPLIST_FILE = AnyScreenTests/Info.plist;
				LD_RUNPATH_SEARCH_PATHS = "$(inherited) @executable_path/Frameworks @loader_path/Frameworks";
				PRODUCT_BUNDLE_IDENTIFIER = xindawn.com.AnyScreenTests;
				PRODUCT_NAME = "$(TARGET_NAME)";
				TEST_HOST = "$(BUILT_PRODUCTS_DIR)/AnyScreen.app/AnyScreen";
			};
			name = Release;
		};
		7890252B1CD04D0A00BA55DC /* Debug */ = {
			isa = XCBuildConfiguration;
			buildSettings = {
				INFOPLIST_FILE = AnyScreenUITests/Info.plist;
				LD_RUNPATH_SEARCH_PATHS = "$(inherited) @executable_path/Frameworks @loader_path/Frameworks";
				PRODUCT_BUNDLE_IDENTIFIER = xindawn.com.AnyScreenUITests;
				PRODUCT_NAME = "$(TARGET_NAME)";
				TEST_TARGET_NAME = AnyScreen;
				USES_XCTRUNNER = YES;
			};
			name = Debug;
		};
		7890252C1CD04D0A00BA55DC /* Release */ = {
			isa = XCBuildConfiguration;
			buildSettings = {
				INFOPLIST_FILE = AnyScreenUITests/Info.plist;
				LD_RUNPATH_SEARCH_PATHS = "$(inherited) @executable_path/Frameworks @loader_path/Frameworks";
				PRODUCT_BUNDLE_IDENTIFIER = xindawn.com.AnyScreenUITests;
				PRODUCT_NAME = "$(TARGET_NAME)";
				TEST_TARGET_NAME = AnyScreen;
				USES_XCTRUNNER = YES;
			};
			name = Release;
		};
/* End XCBuildConfiguration section */

/* Begin XCConfigurationList section */
		789024F21CD04D0900BA55DC /* Build configuration list for PBXProject "AnyScreen" */ = {
			isa = XCConfigurationList;
			buildConfigurations = (
				789025221CD04D0A00BA55DC /* Debug */,
				789025231CD04D0A00BA55DC /* Release */,
			);
			defaultConfigurationIsVisible = 0;
			defaultConfigurationName = Release;
		};
		789025241CD04D0A00BA55DC /* Build configuration list for PBXNativeTarget "AnyScreen" */ = {
			isa = XCConfigurationList;
			buildConfigurations = (
				789025251CD04D0A00BA55DC /* Debug */,
				789025261CD04D0A00BA55DC /* Release */,
			);
			defaultConfigurationIsVisible = 0;
			defaultConfigurationName = Release;
		};
		789025271CD04D0A00BA55DC /* Build configuration list for PBXNativeTarget "AnyScreenTests" */ = {
			isa = XCConfigurationList;
			buildConfigurations = (
				789025281CD04D0A00BA55DC /* Debug */,
				789025291CD04D0A00BA55DC /* Release */,
			);
			defaultConfigurationIsVisible = 0;
			defaultConfigurationName = Release;
		};
		7890252A1CD04D0A00BA55DC /* Build configuration list for PBXNativeTarget "AnyScreenUITests" */ = {
			isa = XCConfigurationList;
			buildConfigurations = (
				7890252B1CD04D0A00BA55DC /* Debug */,
				7890252C1CD04D0A00BA55DC /* Release */,
			);
			defaultConfigurationIsVisible = 0;
			defaultConfigurationName = Release;
		};
/* End XCConfigurationList section */
	};
	rootObject = 789024EF1CD04D0900BA55DC /* Project object */;
}
